// !$*UTF8*$!
{
	archiveVersion = 1;
	classes = {
	};
	objectVersion = 46;
	objects = {

/* Begin PBXBuildFile section */
		2A398B991C2E751000A6FFE3 /* AppDelegate.swift in Sources */ = {isa = PBXBuildFile; fileRef = 2A398B981C2E751000A6FFE3 /* AppDelegate.swift */; };
		2A398B9B1C2E751000A6FFE3 /* ViewController.swift in Sources */ = {isa = PBXBuildFile; fileRef = 2A398B9A1C2E751000A6FFE3 /* ViewController.swift */; };
		2A398B9E1C2E751000A6FFE3 /* Main.storyboard in Resources */ = {isa = PBXBuildFile; fileRef = 2A398B9C1C2E751000A6FFE3 /* Main.storyboard */; };
		2A398BA01C2E751000A6FFE3 /* Assets.xcassets in Resources */ = {isa = PBXBuildFile; fileRef = 2A398B9F1C2E751000A6FFE3 /* Assets.xcassets */; };
		2A398BA31C2E751000A6FFE3 /* LaunchScreen.storyboard in Resources */ = {isa = PBXBuildFile; fileRef = 2A398BA11C2E751000A6FFE3 /* LaunchScreen.storyboard */; };
		2A398BAE1C2E751000A6FFE3 /* Switch_Slider_SegmentedControlSampleTests.swift in Sources */ = {isa = PBXBuildFile; fileRef = 2A398BAD1C2E751000A6FFE3 /* Switch_Slider_SegmentedControlSampleTests.swift */; };
		2A398BB91C2E751000A6FFE3 /* Switch_Slider_SegmentedControlSampleUITests.swift in Sources */ = {isa = PBXBuildFile; fileRef = 2A398BB81C2E751000A6FFE3 /* Switch_Slider_SegmentedControlSampleUITests.swift */; };
/* End PBXBuildFile section */

/* Begin PBXContainerItemProxy section */
		2A398BAA1C2E751000A6FFE3 /* PBXContainerItemProxy */ = {
			isa = PBXContainerItemProxy;
			containerPortal = 2A398B8D1C2E751000A6FFE3 /* Project object */;
			proxyType = 1;
			remoteGlobalIDString = 2A398B941C2E751000A6FFE3;
			remoteInfo = Switch_Slider_SegmentedControlSample;
		};
		2A398BB51C2E751000A6FFE3 /* PBXContainerItemProxy */ = {
			isa = PBXContainerItemProxy;
			containerPortal = 2A398B8D1C2E751000A6FFE3 /* Project object */;
			proxyType = 1;
			remoteGlobalIDString = 2A398B941C2E751000A6FFE3;
			remoteInfo = Switch_Slider_SegmentedControlSample;
		};
/* End PBXContainerItemProxy section */

/* Begin PBXFileReference section */
		2A398B951C2E751000A6FFE3 /* Switch_Slider_SegmentedControlSample.app */ = {isa = PBXFileReference; explicitFileType = wrapper.application; includeInIndex = 0; path = Switch_Slider_SegmentedControlSample.app; sourceTree = BUILT_PRODUCTS_DIR; };
		2A398B981C2E751000A6FFE3 /* AppDelegate.swift */ = {isa = PBXFileReference; lastKnownFileType = sourcecode.swift; path = AppDelegate.swift; sourceTree = "<group>"; };
		2A398B9A1C2E751000A6FFE3 /* ViewController.swift */ = {isa = PBXFileReference; lastKnownFileType = sourcecode.swift; path = ViewController.swift; sourceTree = "<group>"; };
		2A398B9D1C2E751000A6FFE3 /* Base */ = {isa = PBXFileReference; lastKnownFileType = file.storyboard; name = Base; path = Base.lproj/Main.storyboard; sourceTree = "<group>"; };
		2A398B9F1C2E751000A6FFE3 /* Assets.xcassets */ = {isa = PBXFileReference; lastKnownFileType = folder.assetcatalog; path = Assets.xcassets; sourceTree = "<group>"; };
		2A398BA21C2E751000A6FFE3 /* Base */ = {isa = PBXFileReference; lastKnownFileType = file.storyboard; name = Base; path = Base.lproj/LaunchScreen.storyboard; sourceTree = "<group>"; };
		2A398BA41C2E751000A6FFE3 /* Info.plist */ = {isa = PBXFileReference; lastKnownFileType = text.plist.xml; path = Info.plist; sourceTree = "<group>"; };
		2A398BA91C2E751000A6FFE3 /* Switch_Slider_SegmentedControlSampleTests.xctest */ = {isa = PBXFileReference; explicitFileType = wrapper.cfbundle; includeInIndex = 0; path = Switch_Slider_SegmentedControlSampleTests.xctest; sourceTree = BUILT_PRODUCTS_DIR; };
		2A398BAD1C2E751000A6FFE3 /* Switch_Slider_SegmentedControlSampleTests.swift */ = {isa = PBXFileReference; lastKnownFileType = sourcecode.swift; path = Switch_Slider_SegmentedControlSampleTests.swift; sourceTree = "<group>"; };
		2A398BAF1C2E751000A6FFE3 /* Info.plist */ = {isa = PBXFileReference; lastKnownFileType = text.plist.xml; path = Info.plist; sourceTree = "<group>"; };
		2A398BB41C2E751000A6FFE3 /* Switch_Slider_SegmentedControlSampleUITests.xctest */ = {isa = PBXFileReference; explicitFileType = wrapper.cfbundle; includeInIndex = 0; path = Switch_Slider_SegmentedControlSampleUITests.xctest; sourceTree = BUILT_PRODUCTS_DIR; };
		2A398BB81C2E751000A6FFE3 /* Switch_Slider_SegmentedControlSampleUITests.swift */ = {isa = PBXFileReference; lastKnownFileType = sourcecode.swift; path = Switch_Slider_SegmentedControlSampleUITests.swift; sourceTree = "<group>"; };
		2A398BBA1C2E751000A6FFE3 /* Info.plist */ = {isa = PBXFileReference; lastKnownFileType = text.plist.xml; path = Info.plist; sourceTree = "<group>"; };
/* End PBXFileReference section */

/* Begin PBXFrameworksBuildPhase section */
		2A398B921C2E751000A6FFE3 /* Frameworks */ = {
			isa = PBXFrameworksBuildPhase;
			buildActionMask = 2147483647;
			files = (
			);
			runOnlyForDeploymentPostprocessing = 0;
		};
		2A398BA61C2E751000A6FFE3 /* Frameworks */ = {
			isa = PBXFrameworksBuildPhase;
			buildActionMask = 2147483647;
			files = (
			);
			runOnlyForDeploymentPostprocessing = 0;
		};
		2A398BB11C2E751000A6FFE3 /* Frameworks */ = {
			isa = PBXFrameworksBuildPhase;
			buildActionMask = 2147483647;
			files = (
			);
			runOnlyForDeploymentPostprocessing = 0;
		};
/* End PBXFrameworksBuildPhase section */

/* Begin PBXGroup section */
		2A398B8C1C2E751000A6FFE3 = {
			isa = PBXGroup;
			children = (
				2A398B971C2E751000A6FFE3 /* Switch_Slider_SegmentedControlSample */,
				2A398BAC1C2E751000A6FFE3 /* Switch_Slider_SegmentedControlSampleTests */,
				2A398BB71C2E751000A6FFE3 /* Switch_Slider_SegmentedControlSampleUITests */,
				2A398B961C2E751000A6FFE3 /* Products */,
			);
			sourceTree = "<group>";
		};
		2A398B961C2E751000A6FFE3 /* Products */ = {
			isa = PBXGroup;
			children = (
				2A398B951C2E751000A6FFE3 /* Switch_Slider_SegmentedControlSample.app */,
				2A398BA91C2E751000A6FFE3 /* Switch_Slider_SegmentedControlSampleTests.xctest */,
				2A398BB41C2E751000A6FFE3 /* Switch_Slider_SegmentedControlSampleUITests.xctest */,
			);
			name = Products;
			sourceTree = "<group>";
		};
		2A398B971C2E751000A6FFE3 /* Switch_Slider_SegmentedControlSample */ = {
			isa = PBXGroup;
			children = (
				2A398B981C2E751000A6FFE3 /* AppDelegate.swift */,
				2A398B9A1C2E751000A6FFE3 /* ViewController.swift */,
				2A398B9C1C2E751000A6FFE3 /* Main.storyboard */,
				2A398B9F1C2E751000A6FFE3 /* Assets.xcassets */,
				2A398BA11C2E751000A6FFE3 /* LaunchScreen.storyboard */,
				2A398BA41C2E751000A6FFE3 /* Info.plist */,
			);
			path = Switch_Slider_SegmentedControlSample;
			sourceTree = "<group>";
		};
		2A398BAC1C2E751000A6FFE3 /* Switch_Slider_SegmentedControlSampleTests */ = {
			isa = PBXGroup;
			children = (
				2A398BAD1C2E751000A6FFE3 /* Switch_Slider_SegmentedControlSampleTests.swift */,
				2A398BAF1C2E751000A6FFE3 /* Info.plist */,
			);
			path = Switch_Slider_SegmentedControlSampleTests;
			sourceTree = "<group>";
		};
		2A398BB71C2E751000A6FFE3 /* Switch_Slider_SegmentedControlSampleUITests */ = {
			isa = PBXGroup;
			children = (
				2A398BB81C2E751000A6FFE3 /* Switch_Slider_SegmentedControlSampleUITests.swift */,
				2A398BBA1C2E751000A6FFE3 /* Info.plist */,
			);
			path = Switch_Slider_SegmentedControlSampleUITests;
			sourceTree = "<group>";
		};
/* End PBXGroup section */

/* Begin PBXNativeTarget section */
		2A398B941C2E751000A6FFE3 /* Switch_Slider_SegmentedControlSample */ = {
			isa = PBXNativeTarget;
			buildConfigurationList = 2A398BBD1C2E751000A6FFE3 /* Build configuration list for PBXNativeTarget "Switch_Slider_SegmentedControlSample" */;
			buildPhases = (
				2A398B911C2E751000A6FFE3 /* Sources */,
				2A398B921C2E751000A6FFE3 /* Frameworks */,
				2A398B931C2E751000A6FFE3 /* Resources */,
			);
			buildRules = (
			);
			dependencies = (
			);
			name = Switch_Slider_SegmentedControlSample;
			productName = Switch_Slider_SegmentedControlSample;
			productReference = 2A398B951C2E751000A6FFE3 /* Switch_Slider_SegmentedControlSample.app */;
			productType = "com.apple.product-type.application";
		};
		2A398BA81C2E751000A6FFE3 /* Switch_Slider_SegmentedControlSampleTests */ = {
			isa = PBXNativeTarget;
			buildConfigurationList = 2A398BC01C2E751000A6FFE3 /* Build configuration list for PBXNativeTarget "Switch_Slider_SegmentedControlSampleTests" */;
			buildPhases = (
				2A398BA51C2E751000A6FFE3 /* Sources */,
				2A398BA61C2E751000A6FFE3 /* Frameworks */,
				2A398BA71C2E751000A6FFE3 /* Resources */,
			);
			buildRules = (
			);
			dependencies = (
				2A398BAB1C2E751000A6FFE3 /* PBXTargetDependency */,
			);
			name = Switch_Slider_SegmentedControlSampleTests;
			productName = Switch_Slider_SegmentedControlSampleTests;
			productReference = 2A398BA91C2E751000A6FFE3 /* Switch_Slider_SegmentedControlSampleTests.xctest */;
			productType = "com.apple.product-type.bundle.unit-test";
		};
		2A398BB31C2E751000A6FFE3 /* Switch_Slider_SegmentedControlSampleUITests */ = {
			isa = PBXNativeTarget;
			buildConfigurationList = 2A398BC31C2E751000A6FFE3 /* Build configuration list for PBXNativeTarget "Switch_Slider_SegmentedControlSampleUITests" */;
			buildPhases = (
				2A398BB01C2E751000A6FFE3 /* Sources */,
				2A398BB11C2E751000A6FFE3 /* Frameworks */,
				2A398BB21C2E751000A6FFE3 /* Resources */,
			);
			buildRules = (
			);
			dependencies = (
				2A398BB61C2E751000A6FFE3 /* PBXTargetDependency */,
			);
			name = Switch_Slider_SegmentedControlSampleUITests;
			productName = Switch_Slider_SegmentedControlSampleUITests;
			productReference = 2A398BB41C2E751000A6FFE3 /* Switch_Slider_SegmentedControlSampleUITests.xctest */;
			productType = "com.apple.product-type.bundle.ui-testing";
		};
/* End PBXNativeTarget section */

/* Begin PBXProject section */
		2A398B8D1C2E751000A6FFE3 /* Project object */ = {
			isa = PBXProject;
			attributes = {
				LastSwiftUpdateCheck = 0720;
				LastUpgradeCheck = 0720;
				ORGANIZATIONNAME = "王海洋";
				TargetAttributes = {
					2A398B941C2E751000A6FFE3 = {
						CreatedOnToolsVersion = 7.2;
						DevelopmentTeam = W32XJYZ728;
					};
					2A398BA81C2E751000A6FFE3 = {
						CreatedOnToolsVersion = 7.2;
						DevelopmentTeam = W32XJYZ728;
						TestTargetID = 2A398B941C2E751000A6FFE3;
					};
					2A398BB31C2E751000A6FFE3 = {
						CreatedOnToolsVersion = 7.2;
						DevelopmentTeam = W32XJYZ728;
						TestTargetID = 2A398B941C2E751000A6FFE3;
					};
				};
			};
			buildConfigurationList = 2A398B901C2E751000A6FFE3 /* Build configuration list for PBXProject "Switch_Slider_SegmentedControlSample" */;
			compatibilityVersion = "Xcode 3.2";
			developmentRegion = English;
			hasScannedForEncodings = 0;
			knownRegions = (
				en,
				Base,
			);
			mainGroup = 2A398B8C1C2E751000A6FFE3;
			productRefGroup = 2A398B961C2E751000A6FFE3 /* Products */;
			projectDirPath = "";
			projectRoot = "";
			targets = (
				2A398B941C2E751000A6FFE3 /* Switch_Slider_SegmentedControlSample */,
				2A398BA81C2E751000A6FFE3 /* Switch_Slider_SegmentedControlSampleTests */,
				2A398BB31C2E751000A6FFE3 /* Switch_Slider_SegmentedControlSampleUITests */,
			);
		};
/* End PBXProject section */

/* Begin PBXResourcesBuildPhase section */
		2A398B931C2E751000A6FFE3 /* Resources */ = {
			isa = PBXResourcesBuildPhase;
			buildActionMask = 2147483647;
			files = (
				2A398BA31C2E751000A6FFE3 /* LaunchScreen.storyboard in Resources */,
				2A398BA01C2E751000A6FFE3 /* Assets.xcassets in Resources */,
				2A398B9E1C2E751000A6FFE3 /* Main.storyboard in Resources */,
			);
			runOnlyForDeploymentPostprocessing = 0;
		};
		2A398BA71C2E751000A6FFE3 /* Resources */ = {
			isa = PBXResourcesBuildPhase;
			buildActionMask = 2147483647;
			files = (
			);
			runOnlyForDeploymentPostprocessing = 0;
		};
		2A398BB21C2E751000A6FFE3 /* Resources */ = {
			isa = PBXResourcesBuildPhase;
			buildActionMask = 2147483647;
			files = (
			);
			runOnlyForDeploymentPostprocessing = 0;
		};
/* End PBXResourcesBuildPhase section */

/* Begin PBXSourcesBuildPhase section */
		2A398B911C2E751000A6FFE3 /* Sources */ = {
			isa = PBXSourcesBuildPhase;
			buildActionMask = 2147483647;
			files = (
				2A398B9B1C2E751000A6FFE3 /* ViewController.swift in Sources */,
				2A398B991C2E751000A6FFE3 /* AppDelegate.swift in Sources */,
			);
			runOnlyForDeploymentPostprocessing = 0;
		};
		2A398BA51C2E751000A6FFE3 /* Sources */ = {
			isa = PBXSourcesBuildPhase;
			buildActionMask = 2147483647;
			files = (
				2A398BAE1C2E751000A6FFE3 /* Switch_Slider_SegmentedControlSampleTests.swift in Sources */,
			);
			runOnlyForDeploymentPostprocessing = 0;
		};
		2A398BB01C2E751000A6FFE3 /* Sources */ = {
			isa = PBXSourcesBuildPhase;
			buildActionMask = 2147483647;
			files = (
				2A398BB91C2E751000A6FFE3 /* Switch_Slider_SegmentedControlSampleUITests.swift in Sources */,
			);
			runOnlyForDeploymentPostprocessing = 0;
		};
/* End PBXSourcesBuildPhase section */

/* Begin PBXTargetDependency section */
		2A398BAB1C2E751000A6FFE3 /* PBXTargetDependency */ = {
			isa = PBXTargetDependency;
			target = 2A398B941C2E751000A6FFE3 /* Switch_Slider_SegmentedControlSample */;
			targetProxy = 2A398BAA1C2E751000A6FFE3 /* PBXContainerItemProxy */;
		};
		2A398BB61C2E751000A6FFE3 /* PBXTargetDependency */ = {
			isa = PBXTargetDependency;
			target = 2A398B941C2E751000A6FFE3 /* Switch_Slider_SegmentedControlSample */;
			targetProxy = 2A398BB51C2E751000A6FFE3 /* PBXContainerItemProxy */;
		};
/* End PBXTargetDependency section */

/* Begin PBXVariantGroup section */
		2A398B9C1C2E751000A6FFE3 /* Main.storyboard */ = {
			isa = PBXVariantGroup;
			children = (
				2A398B9D1C2E751000A6FFE3 /* Base */,
			);
			name = Main.storyboard;
			sourceTree = "<group>";
		};
		2A398BA11C2E751000A6FFE3 /* LaunchScreen.storyboard */ = {
			isa = PBXVariantGroup;
			children = (
				2A398BA21C2E751000A6FFE3 /* Base */,
			);
			name = LaunchScreen.storyboard;
			sourceTree = "<group>";
		};
/* End PBXVariantGroup section */

/* Begin XCBuildConfiguration section */
		2A398BBB1C2E751000A6FFE3 /* Debug */ = {
			isa = XCBuildConfiguration;
			buildSettings = {
				ALWAYS_SEARCH_USER_PATHS = NO;
				CLANG_CXX_LANGUAGE_STANDARD = "gnu++0x";
				CLANG_CXX_LIBRARY = "libc++";
				CLANG_ENABLE_MODULES = YES;
				CLANG_ENABLE_OBJC_ARC = YES;
				CLANG_WARN_BOOL_CONVERSION = YES;
				CLANG_WARN_CONSTANT_CONVERSION = YES;
				CLANG_WARN_DIRECT_OBJC_ISA_USAGE = YES_ERROR;
				CLANG_WARN_EMPTY_BODY = YES;
				CLANG_WARN_ENUM_CONVERSION = YES;
				CLANG_WARN_INT_CONVERSION = YES;
				CLANG_WARN_OBJC_ROOT_CLASS = YES_ERROR;
				CLANG_WARN_UNREACHABLE_CODE = YES;
				CLANG_WARN__DUPLICATE_METHOD_MATCH = YES;
				"CODE_SIGN_IDENTITY[sdk=iphoneos*]" = "iPhone Developer";
				COPY_PHASE_STRIP = NO;
				DEBUG_INFORMATION_FORMAT = dwarf;
				ENABLE_STRICT_OBJC_MSGSEND = YES;
				ENABLE_TESTABILITY = YES;
				GCC_C_LANGUAGE_STANDARD = gnu99;
				GCC_DYNAMIC_NO_PIC = NO;
				GCC_NO_COMMON_BLOCKS = YES;
				GCC_OPTIMIZATION_LEVEL = 0;
				GCC_PREPROCESSOR_DEFINITIONS = (
					"DEBUG=1",
					"$(inherited)",
				);
				GCC_WARN_64_TO_32_BIT_CONVERSION = YES;
				GCC_WARN_ABOUT_RETURN_TYPE = YES_ERROR;
				GCC_WARN_UNDECLARED_SELECTOR = YES;
				GCC_WARN_UNINITIALIZED_AUTOS = YES_AGGRESSIVE;
				GCC_WARN_UNUSED_FUNCTION = YES;
				GCC_WARN_UNUSED_VARIABLE = YES;
				IPHONEOS_DEPLOYMENT_TARGET = 9.2;
				MTL_ENABLE_DEBUG_INFO = YES;
				ONLY_ACTIVE_ARCH = YES;
				SDKROOT = iphoneos;
				SWIFT_OPTIMIZATION_LEVEL = "-Onone";
			};
			name = Debug;
		};
		2A398BBC1C2E751000A6FFE3 /* Release */ = {
			isa = XCBuildConfiguration;
			buildSettings = {
				ALWAYS_SEARCH_USER_PATHS = NO;
				CLANG_CXX_LANGUAGE_STANDARD = "gnu++0x";
				CLANG_CXX_LIBRARY = "libc++";
				CLANG_ENABLE_MODULES = YES;
				CLANG_ENABLE_OBJC_ARC = YES;
				CLANG_WARN_BOOL_CONVERSION = YES;
				CLANG_WARN_CONSTANT_CONVERSION = YES;
				CLANG_WARN_DIRECT_OBJC_ISA_USAGE = YES_ERROR;
				CLANG_WARN_EMPTY_BODY = YES;
				CLANG_WARN_ENUM_CONVERSION = YES;
				CLANG_WARN_INT_CONVERSION = YES;
				CLANG_WARN_OBJC_ROOT_CLASS = YES_ERROR;
				CLANG_WARN_UNREACHABLE_CODE = YES;
				CLANG_WARN__DUPLICATE_METHOD_MATCH = YES;
				"CODE_SIGN_IDENTITY[sdk=iphoneos*]" = "iPhone Developer";
				COPY_PHASE_STRIP = NO;
				DEBUG_INFORMATION_FORMAT = "dwarf-with-dsym";
				ENABLE_NS_ASSERTIONS = NO;
				ENABLE_STRICT_OBJC_MSGSEND = YES;
				GCC_C_LANGUAGE_STANDARD = gnu99;
				GCC_NO_COMMON_BLOCKS = YES;
				GCC_WARN_64_TO_32_BIT_CONVERSION = YES;
				GCC_WARN_ABOUT_RETURN_TYPE = YES_ERROR;
				GCC_WARN_UNDECLARED_SELECTOR = YES;
				GCC_WARN_UNINITIALIZED_AUTOS = YES_AGGRESSIVE;
				GCC_WARN_UNUSED_FUNCTION = YES;
				GCC_WARN_UNUSED_VARIABLE = YES;
				IPHONEOS_DEPLOYMENT_TARGET = 9.2;
				MTL_ENABLE_DEBUG_INFO = NO;
				SDKROOT = iphoneos;
				VALIDATE_PRODUCT = YES;
			};
			name = Release;
		};
		2A398BBE1C2E751000A6FFE3 /* Debug */ = {
			isa = XCBuildConfiguration;
			buildSettings = {
				ASSETCATALOG_COMPILER_APPICON_NAME = AppIcon;
				INFOPLIST_FILE = Switch_Slider_SegmentedControlSample/Info.plist;
				LD_RUNPATH_SEARCH_PATHS = "$(inherited) @executable_path/Frameworks";
				PRODUCT_BUNDLE_IDENTIFIER = "com.loloven.Switch-Slider-SegmentedControlSample";
				PRODUCT_NAME = "$(TARGET_NAME)";
			};
			name = Debug;
		};
		2A398BBF1C2E751000A6FFE3 /* Release */ = {
			isa = XCBuildConfiguration;
			buildSettings = {
				ASSETCATALOG_COMPILER_APPICON_NAME = AppIcon;
				INFOPLIST_FILE = Switch_Slider_SegmentedControlSample/Info.plist;
				LD_RUNPATH_SEARCH_PATHS = "$(inherited) @executable_path/Frameworks";
				PRODUCT_BUNDLE_IDENTIFIER = "com.loloven.Switch-Slider-SegmentedControlSample";
				PRODUCT_NAME = "$(TARGET_NAME)";
			};
			name = Release;
		};
		2A398BC11C2E751000A6FFE3 /* Debug */ = {
			isa = XCBuildConfiguration;
			buildSettings = {
				BUNDLE_LOADER = "$(TEST_HOST)";
				INFOPLIST_FILE = Switch_Slider_SegmentedControlSampleTests/Info.plist;
				LD_RUNPATH_SEARCH_PATHS = "$(inherited) @executable_path/Frameworks @loader_path/Frameworks";
				PRODUCT_BUNDLE_IDENTIFIER = "com.loloven.Switch-Slider-SegmentedControlSampleTests";
				PRODUCT_NAME = "$(TARGET_NAME)";
				TEST_HOST = "$(BUILT_PRODUCTS_DIR)/Switch_Slider_SegmentedControlSample.app/Switch_Slider_SegmentedControlSample";
			};
			name = Debug;
		};
		2A398BC21C2E751000A6FFE3 /* Release */ = {
			isa = XCBuildConfiguration;
			buildSettings = {
				BUNDLE_LOADER = "$(TEST_HOST)";
				INFOPLIST_FILE = Switch_Slider_SegmentedControlSampleTests/Info.plist;
				LD_RUNPATH_SEARCH_PATHS = "$(inherited) @executable_path/Frameworks @loader_path/Frameworks";
				PRODUCT_BUNDLE_IDENTIFIER = "com.loloven.Switch-Slider-SegmentedControlSampleTests";
				PRODUCT_NAME = "$(TARGET_NAME)";
				TEST_HOST = "$(BUILT_PRODUCTS_DIR)/Switch_Slider_SegmentedControlSample.app/Switch_Slider_SegmentedControlSample";
			};
			name = Release;
		};
		2A398BC41C2E751000A6FFE3 /* Debug */ = {
			isa = XCBuildConfiguration;
			buildSettings = {
				INFOPLIST_FILE = Switch_Slider_SegmentedControlSampleUITests/Info.plist;
				LD_RUNPATH_SEARCH_PATHS = "$(inherited) @executable_path/Frameworks @loader_path/Frameworks";
				PRODUCT_BUNDLE_IDENTIFIER = "com.loloven.Switch-Slider-SegmentedControlSampleUITests";
				PRODUCT_NAME = "$(TARGET_NAME)";
				TEST_TARGET_NAME = Switch_Slider_SegmentedControlSample;
				USES_XCTRUNNER = YES;
			};
			name = Debug;
		};
		2A398BC51C2E751000A6FFE3 /* Release */ = {
			isa = XCBuildConfiguration;
			buildSettings = {
				INFOPLIST_FILE = Switch_Slider_SegmentedControlSampleUITests/Info.plist;
				LD_RUNPATH_SEARCH_PATHS = "$(inherited) @executable_path/Frameworks @loader_path/Frameworks";
				PRODUCT_BUNDLE_IDENTIFIER = "com.loloven.Switch-Slider-SegmentedControlSampleUITests";
				PRODUCT_NAME = "$(TARGET_NAME)";
				TEST_TARGET_NAME = Switch_Slider_SegmentedControlSample;
				USES_XCTRUNNER = YES;
			};
			name = Release;
		};
/* End XCBuildConfiguration section */

/* Begin XCConfigurationList section */
		2A398B901C2E751000A6FFE3 /* Build configuration list for PBXProject "Switch_Slider_SegmentedControlSample" */ = {
			isa = XCConfigurationList;
			buildConfigurations = (
				2A398BBB1C2E751000A6FFE3 /* Debug */,
				2A398BBC1C2E751000A6FFE3 /* Release */,
			);
			defaultConfigurationIsVisible = 0;
			defaultConfigurationName = Release;
		};
		2A398BBD1C2E751000A6FFE3 /* Build configuration list for PBXNativeTarget "Switch_Slider_SegmentedControlSample" */ = {
			isa = XCConfigurationList;
			buildConfigurations = (
				2A398BBE1C2E751000A6FFE3 /* Debug */,
				2A398BBF1C2E751000A6FFE3 /* Release */,
			);
			defaultConfigurationIsVisible = 0;
		};
		2A398BC01C2E751000A6FFE3 /* Build configuration list for PBXNativeTarget "Switch_Slider_SegmentedControlSampleTests" */ = {
			isa = XCConfigurationList;
			buildConfigurations = (
				2A398BC11C2E751000A6FFE3 /* Debug */,
				2A398BC21C2E751000A6FFE3 /* Release */,
			);
			defaultConfigurationIsVisible = 0;
		};
		2A398BC31C2E751000A6FFE3 /* Build configuration list for PBXNativeTarget "Switch_Slider_SegmentedControlSampleUITests" */ = {
			isa = XCConfigurationList;
			buildConfigurations = (
				2A398BC41C2E751000A6FFE3 /* Debug */,
				2A398BC51C2E751000A6FFE3 /* Release */,
			);
			defaultConfigurationIsVisible = 0;
		};
/* End XCConfigurationList section */
	};
	rootObject = 2A398B8D1C2E751000A6FFE3 /* Project object */;
}
