// !$*UTF8*$!
{
	archiveVersion = 1;
	classes = {
	};
	objectVersion = 46;
	objects = {

/* Begin PBXBuildFile section */
		2A7FA3C11C312E400072754E /* AppDelegate.swift in Sources */ = {isa = PBXBuildFile; fileRef = 2A7FA3C01C312E400072754E /* AppDelegate.swift */; };
		2A7FA3C31C312E400072754E /* ViewController.swift in Sources */ = {isa = PBXBuildFile; fileRef = 2A7FA3C21C312E400072754E /* ViewController.swift */; };
		2A7FA3C61C312E400072754E /* Main.storyboard in Resources */ = {isa = PBXBuildFile; fileRef = 2A7FA3C41C312E400072754E /* Main.storyboard */; };
		2A7FA3C81C312E400072754E /* Assets.xcassets in Resources */ = {isa = PBXBuildFile; fileRef = 2A7FA3C71C312E400072754E /* Assets.xcassets */; };
		2A7FA3CB1C312E400072754E /* LaunchScreen.storyboard in Resources */ = {isa = PBXBuildFile; fileRef = 2A7FA3C91C312E400072754E /* LaunchScreen.storyboard */; };
		2A7FA3D61C312E400072754E /* WebViewSampleTests.swift in Sources */ = {isa = PBXBuildFile; fileRef = 2A7FA3D51C312E400072754E /* WebViewSampleTests.swift */; };
		2A7FA3E11C312E400072754E /* WebViewSampleUITests.swift in Sources */ = {isa = PBXBuildFile; fileRef = 2A7FA3E01C312E400072754E /* WebViewSampleUITests.swift */; };
		2A7FA3EF1C313CEA0072754E /* home.html in Resources */ = {isa = PBXBuildFile; fileRef = 2A7FA3EE1C313CEA0072754E /* home.html */; };
/* End PBXBuildFile section */

/* Begin PBXContainerItemProxy section */
		2A7FA3D21C312E400072754E /* PBXContainerItemProxy */ = {
			isa = PBXContainerItemProxy;
			containerPortal = 2A7FA3B51C312E400072754E /* Project object */;
			proxyType = 1;
			remoteGlobalIDString = 2A7FA3BC1C312E400072754E;
			remoteInfo = WebViewSample;
		};
		2A7FA3DD1C312E400072754E /* PBXContainerItemProxy */ = {
			isa = PBXContainerItemProxy;
			containerPortal = 2A7FA3B51C312E400072754E /* Project object */;
			proxyType = 1;
			remoteGlobalIDString = 2A7FA3BC1C312E400072754E;
			remoteInfo = WebViewSample;
		};
/* End PBXContainerItemProxy section */

/* Begin PBXFileReference section */
		2A7FA3BD1C312E400072754E /* WebViewSample.app */ = {isa = PBXFileReference; explicitFileType = wrapper.application; includeInIndex = 0; path = WebViewSample.app; sourceTree = BUILT_PRODUCTS_DIR; };
		2A7FA3C01C312E400072754E /* AppDelegate.swift */ = {isa = PBXFileReference; lastKnownFileType = sourcecode.swift; path = AppDelegate.swift; sourceTree = "<group>"; };
		2A7FA3C21C312E400072754E /* ViewController.swift */ = {isa = PBXFileReference; lastKnownFileType = sourcecode.swift; path = ViewController.swift; sourceTree = "<group>"; };
		2A7FA3C51C312E400072754E /* Base */ = {isa = PBXFileReference; lastKnownFileType = file.storyboard; name = Base; path = Base.lproj/Main.storyboard; sourceTree = "<group>"; };
		2A7FA3C71C312E400072754E /* Assets.xcassets */ = {isa = PBXFileReference; lastKnownFileType = folder.assetcatalog; path = Assets.xcassets; sourceTree = "<group>"; };
		2A7FA3CA1C312E400072754E /* Base */ = {isa = PBXFileReference; lastKnownFileType = file.storyboard; name = Base; path = Base.lproj/LaunchScreen.storyboard; sourceTree = "<group>"; };
		2A7FA3CC1C312E400072754E /* Info.plist */ = {isa = PBXFileReference; lastKnownFileType = text.plist.xml; path = Info.plist; sourceTree = "<group>"; };
		2A7FA3D11C312E400072754E /* WebViewSampleTests.xctest */ = {isa = PBXFileReference; explicitFileType = wrapper.cfbundle; includeInIndex = 0; path = WebViewSampleTests.xctest; sourceTree = BUILT_PRODUCTS_DIR; };
		2A7FA3D51C312E400072754E /* WebViewSampleTests.swift */ = {isa = PBXFileReference; lastKnownFileType = sourcecode.swift; path = WebViewSampleTests.swift; sourceTree = "<group>"; };
		2A7FA3D71C312E400072754E /* Info.plist */ = {isa = PBXFileReference; lastKnownFileType = text.plist.xml; path = Info.plist; sourceTree = "<group>"; };
		2A7FA3DC1C312E400072754E /* WebViewSampleUITests.xctest */ = {isa = PBXFileReference; explicitFileType = wrapper.cfbundle; includeInIndex = 0; path = WebViewSampleUITests.xctest; sourceTree = BUILT_PRODUCTS_DIR; };
		2A7FA3E01C312E400072754E /* WebViewSampleUITests.swift */ = {isa = PBXFileReference; lastKnownFileType = sourcecode.swift; path = WebViewSampleUITests.swift; sourceTree = "<group>"; };
		2A7FA3E21C312E400072754E /* Info.plist */ = {isa = PBXFileReference; lastKnownFileType = text.plist.xml; path = Info.plist; sourceTree = "<group>"; };
		2A7FA3EE1C313CEA0072754E /* home.html */ = {isa = PBXFileReference; fileEncoding = 4; lastKnownFileType = text.html; name = home.html; path = "../../../git-ku/p2c-store-demo/web/view/home.html"; sourceTree = "<group>"; };
/* End PBXFileReference section */

/* Begin PBXFrameworksBuildPhase section */
		2A7FA3BA1C312E400072754E /* Frameworks */ = {
			isa = PBXFrameworksBuildPhase;
			buildActionMask = 2147483647;
			files = (
			);
			runOnlyForDeploymentPostprocessing = 0;
		};
		2A7FA3CE1C312E400072754E /* Frameworks */ = {
			isa = PBXFrameworksBuildPhase;
			buildActionMask = 2147483647;
			files = (
			);
			runOnlyForDeploymentPostprocessing = 0;
		};
		2A7FA3D91C312E400072754E /* Frameworks */ = {
			isa = PBXFrameworksBuildPhase;
			buildActionMask = 2147483647;
			files = (
			);
			runOnlyForDeploymentPostprocessing = 0;
		};
/* End PBXFrameworksBuildPhase section */

/* Begin PBXGroup section */
		2A7FA3B41C312E400072754E = {
			isa = PBXGroup;
			children = (
				2A7FA3BF1C312E400072754E /* WebViewSample */,
				2A7FA3D41C312E400072754E /* WebViewSampleTests */,
				2A7FA3DF1C312E400072754E /* WebViewSampleUITests */,
				2A7FA3BE1C312E400072754E /* Products */,
			);
			sourceTree = "<group>";
		};
		2A7FA3BE1C312E400072754E /* Products */ = {
			isa = PBXGroup;
			children = (
				2A7FA3BD1C312E400072754E /* WebViewSample.app */,
				2A7FA3D11C312E400072754E /* WebViewSampleTests.xctest */,
				2A7FA3DC1C312E400072754E /* WebViewSampleUITests.xctest */,
			);
			name = Products;
			sourceTree = "<group>";
		};
		2A7FA3BF1C312E400072754E /* WebViewSample */ = {
			isa = PBXGroup;
			children = (
				2A7FA3EE1C313CEA0072754E /* home.html */,
				2A7FA3C01C312E400072754E /* AppDelegate.swift */,
				2A7FA3C21C312E400072754E /* ViewController.swift */,
				2A7FA3C41C312E400072754E /* Main.storyboard */,
				2A7FA3C71C312E400072754E /* Assets.xcassets */,
				2A7FA3C91C312E400072754E /* LaunchScreen.storyboard */,
				2A7FA3CC1C312E400072754E /* Info.plist */,
			);
			path = WebViewSample;
			sourceTree = "<group>";
		};
		2A7FA3D41C312E400072754E /* WebViewSampleTests */ = {
			isa = PBXGroup;
			children = (
				2A7FA3D51C312E400072754E /* WebViewSampleTests.swift */,
				2A7FA3D71C312E400072754E /* Info.plist */,
			);
			path = WebViewSampleTests;
			sourceTree = "<group>";
		};
		2A7FA3DF1C312E400072754E /* WebViewSampleUITests */ = {
			isa = PBXGroup;
			children = (
				2A7FA3E01C312E400072754E /* WebViewSampleUITests.swift */,
				2A7FA3E21C312E400072754E /* Info.plist */,
			);
			path = WebViewSampleUITests;
			sourceTree = "<group>";
		};
/* End PBXGroup section */

/* Begin PBXNativeTarget section */
		2A7FA3BC1C312E400072754E /* WebViewSample */ = {
			isa = PBXNativeTarget;
			buildConfigurationList = 2A7FA3E51C312E400072754E /* Build configuration list for PBXNativeTarget "WebViewSample" */;
			buildPhases = (
				2A7FA3B91C312E400072754E /* Sources */,
				2A7FA3BA1C312E400072754E /* Frameworks */,
				2A7FA3BB1C312E400072754E /* Resources */,
			);
			buildRules = (
			);
			dependencies = (
			);
			name = WebViewSample;
			productName = WebViewSample;
			productReference = 2A7FA3BD1C312E400072754E /* WebViewSample.app */;
			productType = "com.apple.product-type.application";
		};
		2A7FA3D01C312E400072754E /* WebViewSampleTests */ = {
			isa = PBXNativeTarget;
			buildConfigurationList = 2A7FA3E81C312E400072754E /* Build configuration list for PBXNativeTarget "WebViewSampleTests" */;
			buildPhases = (
				2A7FA3CD1C312E400072754E /* Sources */,
				2A7FA3CE1C312E400072754E /* Frameworks */,
				2A7FA3CF1C312E400072754E /* Resources */,
			);
			buildRules = (
			);
			dependencies = (
				2A7FA3D31C312E400072754E /* PBXTargetDependency */,
			);
			name = WebViewSampleTests;
			productName = WebViewSampleTests;
			productReference = 2A7FA3D11C312E400072754E /* WebViewSampleTests.xctest */;
			productType = "com.apple.product-type.bundle.unit-test";
		};
		2A7FA3DB1C312E400072754E /* WebViewSampleUITests */ = {
			isa = PBXNativeTarget;
			buildConfigurationList = 2A7FA3EB1C312E400072754E /* Build configuration list for PBXNativeTarget "WebViewSampleUITests" */;
			buildPhases = (
				2A7FA3D81C312E400072754E /* Sources */,
				2A7FA3D91C312E400072754E /* Frameworks */,
				2A7FA3DA1C312E400072754E /* Resources */,
			);
			buildRules = (
			);
			dependencies = (
				2A7FA3DE1C312E400072754E /* PBXTargetDependency */,
			);
			name = WebViewSampleUITests;
			productName = WebViewSampleUITests;
			productReference = 2A7FA3DC1C312E400072754E /* WebViewSampleUITests.xctest */;
			productType = "com.apple.product-type.bundle.ui-testing";
		};
/* End PBXNativeTarget section */

/* Begin PBXProject section */
		2A7FA3B51C312E400072754E /* Project object */ = {
			isa = PBXProject;
			attributes = {
				LastSwiftUpdateCheck = 0720;
				LastUpgradeCheck = 0720;
				ORGANIZATIONNAME = "王海洋";
				TargetAttributes = {
					2A7FA3BC1C312E400072754E = {
						CreatedOnToolsVersion = 7.2;
						DevelopmentTeam = W32XJYZ728;
					};
					2A7FA3D01C312E400072754E = {
						CreatedOnToolsVersion = 7.2;
						DevelopmentTeam = W32XJYZ728;
						TestTargetID = 2A7FA3BC1C312E400072754E;
					};
					2A7FA3DB1C312E400072754E = {
						CreatedOnToolsVersion = 7.2;
						DevelopmentTeam = W32XJYZ728;
						TestTargetID = 2A7FA3BC1C312E400072754E;
					};
				};
			};
			buildConfigurationList = 2A7FA3B81C312E400072754E /* Build configuration list for PBXProject "WebViewSample" */;
			compatibilityVersion = "Xcode 3.2";
			developmentRegion = English;
			hasScannedForEncodings = 0;
			knownRegions = (
				en,
				Base,
			);
			mainGroup = 2A7FA3B41C312E400072754E;
			productRefGroup = 2A7FA3BE1C312E400072754E /* Products */;
			projectDirPath = "";
			projectRoot = "";
			targets = (
				2A7FA3BC1C312E400072754E /* WebViewSample */,
				2A7FA3D01C312E400072754E /* WebViewSampleTests */,
				2A7FA3DB1C312E400072754E /* WebViewSampleUITests */,
			);
		};
/* End PBXProject section */

/* Begin PBXResourcesBuildPhase section */
		2A7FA3BB1C312E400072754E /* Resources */ = {
			isa = PBXResourcesBuildPhase;
			buildActionMask = 2147483647;
			files = (
				2A7FA3CB1C312E400072754E /* LaunchScreen.storyboard in Resources */,
				2A7FA3EF1C313CEA0072754E /* home.html in Resources */,
				2A7FA3C81C312E400072754E /* Assets.xcassets in Resources */,
				2A7FA3C61C312E400072754E /* Main.storyboard in Resources */,
			);
			runOnlyForDeploymentPostprocessing = 0;
		};
		2A7FA3CF1C312E400072754E /* Resources */ = {
			isa = PBXResourcesBuildPhase;
			buildActionMask = 2147483647;
			files = (
			);
			runOnlyForDeploymentPostprocessing = 0;
		};
		2A7FA3DA1C312E400072754E /* Resources */ = {
			isa = PBXResourcesBuildPhase;
			buildActionMask = 2147483647;
			files = (
			);
			runOnlyForDeploymentPostprocessing = 0;
		};
/* End PBXResourcesBuildPhase section */

/* Begin PBXSourcesBuildPhase section */
		2A7FA3B91C312E400072754E /* Sources */ = {
			isa = PBXSourcesBuildPhase;
			buildActionMask = 2147483647;
			files = (
				2A7FA3C31C312E400072754E /* ViewController.swift in Sources */,
				2A7FA3C11C312E400072754E /* AppDelegate.swift in Sources */,
			);
			runOnlyForDeploymentPostprocessing = 0;
		};
		2A7FA3CD1C312E400072754E /* Sources */ = {
			isa = PBXSourcesBuildPhase;
			buildActionMask = 2147483647;
			files = (
				2A7FA3D61C312E400072754E /* WebViewSampleTests.swift in Sources */,
			);
			runOnlyForDeploymentPostprocessing = 0;
		};
		2A7FA3D81C312E400072754E /* Sources */ = {
			isa = PBXSourcesBuildPhase;
			buildActionMask = 2147483647;
			files = (
				2A7FA3E11C312E400072754E /* WebViewSampleUITests.swift in Sources */,
			);
			runOnlyForDeploymentPostprocessing = 0;
		};
/* End PBXSourcesBuildPhase section */

/* Begin PBXTargetDependency section */
		2A7FA3D31C312E400072754E /* PBXTargetDependency */ = {
			isa = PBXTargetDependency;
			target = 2A7FA3BC1C312E400072754E /* WebViewSample */;
			targetProxy = 2A7FA3D21C312E400072754E /* PBXContainerItemProxy */;
		};
		2A7FA3DE1C312E400072754E /* PBXTargetDependency */ = {
			isa = PBXTargetDependency;
			target = 2A7FA3BC1C312E400072754E /* WebViewSample */;
			targetProxy = 2A7FA3DD1C312E400072754E /* PBXContainerItemProxy */;
		};
/* End PBXTargetDependency section */

/* Begin PBXVariantGroup section */
		2A7FA3C41C312E400072754E /* Main.storyboard */ = {
			isa = PBXVariantGroup;
			children = (
				2A7FA3C51C312E400072754E /* Base */,
			);
			name = Main.storyboard;
			sourceTree = "<group>";
		};
		2A7FA3C91C312E400072754E /* LaunchScreen.storyboard */ = {
			isa = PBXVariantGroup;
			children = (
				2A7FA3CA1C312E400072754E /* Base */,
			);
			name = LaunchScreen.storyboard;
			sourceTree = "<group>";
		};
/* End PBXVariantGroup section */

/* Begin XCBuildConfiguration section */
		2A7FA3E31C312E400072754E /* Debug */ = {
			isa = XCBuildConfiguration;
			buildSettings = {
				ALWAYS_SEARCH_USER_PATHS = NO;
				CLANG_CXX_LANGUAGE_STANDARD = "gnu++0x";
				CLANG_CXX_LIBRARY = "libc++";
				CLANG_ENABLE_MODULES = YES;
				CLANG_ENABLE_OBJC_ARC = YES;
				CLANG_WARN_BOOL_CONVERSION = YES;
				CLANG_WARN_CONSTANT_CONVERSION = YES;
				CLANG_WARN_DIRECT_OBJC_ISA_USAGE = YES_ERROR;
				CLANG_WARN_EMPTY_BODY = YES;
				CLANG_WARN_ENUM_CONVERSION = YES;
				CLANG_WARN_INT_CONVERSION = YES;
				CLANG_WARN_OBJC_ROOT_CLASS = YES_ERROR;
				CLANG_WARN_UNREACHABLE_CODE = YES;
				CLANG_WARN__DUPLICATE_METHOD_MATCH = YES;
				"CODE_SIGN_IDENTITY[sdk=iphoneos*]" = "iPhone Developer";
				COPY_PHASE_STRIP = NO;
				DEBUG_INFORMATION_FORMAT = dwarf;
				ENABLE_STRICT_OBJC_MSGSEND = YES;
				ENABLE_TESTABILITY = YES;
				GCC_C_LANGUAGE_STANDARD = gnu99;
				GCC_DYNAMIC_NO_PIC = NO;
				GCC_NO_COMMON_BLOCKS = YES;
				GCC_OPTIMIZATION_LEVEL = 0;
				GCC_PREPROCESSOR_DEFINITIONS = (
					"DEBUG=1",
					"$(inherited)",
				);
				GCC_WARN_64_TO_32_BIT_CONVERSION = YES;
				GCC_WARN_ABOUT_RETURN_TYPE = YES_ERROR;
				GCC_WARN_UNDECLARED_SELECTOR = YES;
				GCC_WARN_UNINITIALIZED_AUTOS = YES_AGGRESSIVE;
				GCC_WARN_UNUSED_FUNCTION = YES;
				GCC_WARN_UNUSED_VARIABLE = YES;
				IPHONEOS_DEPLOYMENT_TARGET = 9.2;
				MTL_ENABLE_DEBUG_INFO = YES;
				ONLY_ACTIVE_ARCH = YES;
				SDKROOT = iphoneos;
				SWIFT_OPTIMIZATION_LEVEL = "-Onone";
			};
			name = Debug;
		};
		2A7FA3E41C312E400072754E /* Release */ = {
			isa = XCBuildConfiguration;
			buildSettings = {
				ALWAYS_SEARCH_USER_PATHS = NO;
				CLANG_CXX_LANGUAGE_STANDARD = "gnu++0x";
				CLANG_CXX_LIBRARY = "libc++";
				CLANG_ENABLE_MODULES = YES;
				CLANG_ENABLE_OBJC_ARC = YES;
				CLANG_WARN_BOOL_CONVERSION = YES;
				CLANG_WARN_CONSTANT_CONVERSION = YES;
				CLANG_WARN_DIRECT_OBJC_ISA_USAGE = YES_ERROR;
				CLANG_WARN_EMPTY_BODY = YES;
				CLANG_WARN_ENUM_CONVERSION = YES;
				CLANG_WARN_INT_CONVERSION = YES;
				CLANG_WARN_OBJC_ROOT_CLASS = YES_ERROR;
				CLANG_WARN_UNREACHABLE_CODE = YES;
				CLANG_WARN__DUPLICATE_METHOD_MATCH = YES;
				"CODE_SIGN_IDENTITY[sdk=iphoneos*]" = "iPhone Developer";
				COPY_PHASE_STRIP = NO;
				DEBUG_INFORMATION_FORMAT = "dwarf-with-dsym";
				ENABLE_NS_ASSERTIONS = NO;
				ENABLE_STRICT_OBJC_MSGSEND = YES;
				GCC_C_LANGUAGE_STANDARD = gnu99;
				GCC_NO_COMMON_BLOCKS = YES;
				GCC_WARN_64_TO_32_BIT_CONVERSION = YES;
				GCC_WARN_ABOUT_RETURN_TYPE = YES_ERROR;
				GCC_WARN_UNDECLARED_SELECTOR = YES;
				GCC_WARN_UNINITIALIZED_AUTOS = YES_AGGRESSIVE;
				GCC_WARN_UNUSED_FUNCTION = YES;
				GCC_WARN_UNUSED_VARIABLE = YES;
				IPHONEOS_DEPLOYMENT_TARGET = 9.2;
				MTL_ENABLE_DEBUG_INFO = NO;
				SDKROOT = iphoneos;
				VALIDATE_PRODUCT = YES;
			};
			name = Release;
		};
		2A7FA3E61C312E400072754E /* Debug */ = {
			isa = XCBuildConfiguration;
			buildSettings = {
				ASSETCATALOG_COMPILER_APPICON_NAME = AppIcon;
				INFOPLIST_FILE = WebViewSample/Info.plist;
				LD_RUNPATH_SEARCH_PATHS = "$(inherited) @executable_path/Frameworks";
				PRODUCT_BUNDLE_IDENTIFIER = com.loloven.WebViewSample;
				PRODUCT_NAME = "$(TARGET_NAME)";
			};
			name = Debug;
		};
		2A7FA3E71C312E400072754E /* Release */ = {
			isa = XCBuildConfiguration;
			buildSettings = {
				ASSETCATALOG_COMPILER_APPICON_NAME = AppIcon;
				INFOPLIST_FILE = WebViewSample/Info.plist;
				LD_RUNPATH_SEARCH_PATHS = "$(inherited) @executable_path/Frameworks";
				PRODUCT_BUNDLE_IDENTIFIER = com.loloven.WebViewSample;
				PRODUCT_NAME = "$(TARGET_NAME)";
			};
			name = Release;
		};
		2A7FA3E91C312E400072754E /* Debug */ = {
			isa = XCBuildConfiguration;
			buildSettings = {
				BUNDLE_LOADER = "$(TEST_HOST)";
				INFOPLIST_FILE = WebViewSampleTests/Info.plist;
				LD_RUNPATH_SEARCH_PATHS = "$(inherited) @executable_path/Frameworks @loader_path/Frameworks";
				PRODUCT_BUNDLE_IDENTIFIER = com.loloven.WebViewSampleTests;
				PRODUCT_NAME = "$(TARGET_NAME)";
				TEST_HOST = "$(BUILT_PRODUCTS_DIR)/WebViewSample.app/WebViewSample";
			};
			name = Debug;
		};
		2A7FA3EA1C312E400072754E /* Release */ = {
			isa = XCBuildConfiguration;
			buildSettings = {
				BUNDLE_LOADER = "$(TEST_HOST)";
				INFOPLIST_FILE = WebViewSampleTests/Info.plist;
				LD_RUNPATH_SEARCH_PATHS = "$(inherited) @executable_path/Frameworks @loader_path/Frameworks";
				PRODUCT_BUNDLE_IDENTIFIER = com.loloven.WebViewSampleTests;
				PRODUCT_NAME = "$(TARGET_NAME)";
				TEST_HOST = "$(BUILT_PRODUCTS_DIR)/WebViewSample.app/WebViewSample";
			};
			name = Release;
		};
		2A7FA3EC1C312E400072754E /* Debug */ = {
			isa = XCBuildConfiguration;
			buildSettings = {
				INFOPLIST_FILE = WebViewSampleUITests/Info.plist;
				LD_RUNPATH_SEARCH_PATHS = "$(inherited) @executable_path/Frameworks @loader_path/Frameworks";
				PRODUCT_BUNDLE_IDENTIFIER = com.loloven.WebViewSampleUITests;
				PRODUCT_NAME = "$(TARGET_NAME)";
				TEST_TARGET_NAME = WebViewSample;
				USES_XCTRUNNER = YES;
			};
			name = Debug;
		};
		2A7FA3ED1C312E400072754E /* Release */ = {
			isa = XCBuildConfiguration;
			buildSettings = {
				INFOPLIST_FILE = WebViewSampleUITests/Info.plist;
				LD_RUNPATH_SEARCH_PATHS = "$(inherited) @executable_path/Frameworks @loader_path/Frameworks";
				PRODUCT_BUNDLE_IDENTIFIER = com.loloven.WebViewSampleUITests;
				PRODUCT_NAME = "$(TARGET_NAME)";
				TEST_TARGET_NAME = WebViewSample;
				USES_XCTRUNNER = YES;
			};
			name = Release;
		};
/* End XCBuildConfiguration section */

/* Begin XCConfigurationList section */
		2A7FA3B81C312E400072754E /* Build configuration list for PBXProject "WebViewSample" */ = {
			isa = XCConfigurationList;
			buildConfigurations = (
				2A7FA3E31C312E400072754E /* Debug */,
				2A7FA3E41C312E400072754E /* Release */,
			);
			defaultConfigurationIsVisible = 0;
			defaultConfigurationName = Release;
		};
		2A7FA3E51C312E400072754E /* Build configuration list for PBXNativeTarget "WebViewSample" */ = {
			isa = XCConfigurationList;
			buildConfigurations = (
				2A7FA3E61C312E400072754E /* Debug */,
				2A7FA3E71C312E400072754E /* Release */,
			);
			defaultConfigurationIsVisible = 0;
		};
		2A7FA3E81C312E400072754E /* Build configuration list for PBXNativeTarget "WebViewSampleTests" */ = {
			isa = XCConfigurationList;
			buildConfigurations = (
				2A7FA3E91C312E400072754E /* Debug */,
				2A7FA3EA1C312E400072754E /* Release */,
			);
			defaultConfigurationIsVisible = 0;
		};
		2A7FA3EB1C312E400072754E /* Build configuration list for PBXNativeTarget "WebViewSampleUITests" */ = {
			isa = XCConfigurationList;
			buildConfigurations = (
				2A7FA3EC1C312E400072754E /* Debug */,
				2A7FA3ED1C312E400072754E /* Release */,
			);
			defaultConfigurationIsVisible = 0;
		};
/* End XCConfigurationList section */
	};
	rootObject = 2A7FA3B51C312E400072754E /* Project object */;
}
