// !$*UTF8*$!
{
	archiveVersion = 1;
	classes = {
	};
	objectVersion = 46;
	objects = {

/* Begin PBXBuildFile section */
		2A7FA3FD1C3143C00072754E /* AppDelegate.swift in Sources */ = {isa = PBXBuildFile; fileRef = 2A7FA3FC1C3143C00072754E /* AppDelegate.swift */; };
		2A7FA3FF1C3143C00072754E /* ViewController.swift in Sources */ = {isa = PBXBuildFile; fileRef = 2A7FA3FE1C3143C00072754E /* ViewController.swift */; };
		2A7FA4021C3143C00072754E /* Main.storyboard in Resources */ = {isa = PBXBuildFile; fileRef = 2A7FA4001C3143C00072754E /* Main.storyboard */; };
		2A7FA4041C3143C00072754E /* Assets.xcassets in Resources */ = {isa = PBXBuildFile; fileRef = 2A7FA4031C3143C00072754E /* Assets.xcassets */; };
		2A7FA4071C3143C00072754E /* LaunchScreen.storyboard in Resources */ = {isa = PBXBuildFile; fileRef = 2A7FA4051C3143C00072754E /* LaunchScreen.storyboard */; };
		2A7FA4121C3143C00072754E /* ActivityIndicatorView_ProgressViewSampleTests.swift in Sources */ = {isa = PBXBuildFile; fileRef = 2A7FA4111C3143C00072754E /* ActivityIndicatorView_ProgressViewSampleTests.swift */; };
		2A7FA41D1C3143C00072754E /* ActivityIndicatorView_ProgressViewSampleUITests.swift in Sources */ = {isa = PBXBuildFile; fileRef = 2A7FA41C1C3143C00072754E /* ActivityIndicatorView_ProgressViewSampleUITests.swift */; };
/* End PBXBuildFile section */

/* Begin PBXContainerItemProxy section */
		2A7FA40E1C3143C00072754E /* PBXContainerItemProxy */ = {
			isa = PBXContainerItemProxy;
			containerPortal = 2A7FA3F11C3143C00072754E /* Project object */;
			proxyType = 1;
			remoteGlobalIDString = 2A7FA3F81C3143C00072754E;
			remoteInfo = ActivityIndicatorView_ProgressViewSample;
		};
		2A7FA4191C3143C00072754E /* PBXContainerItemProxy */ = {
			isa = PBXContainerItemProxy;
			containerPortal = 2A7FA3F11C3143C00072754E /* Project object */;
			proxyType = 1;
			remoteGlobalIDString = 2A7FA3F81C3143C00072754E;
			remoteInfo = ActivityIndicatorView_ProgressViewSample;
		};
/* End PBXContainerItemProxy section */

/* Begin PBXFileReference section */
		2A7FA3F91C3143C00072754E /* ActivityIndicatorView_ProgressViewSample.app */ = {isa = PBXFileReference; explicitFileType = wrapper.application; includeInIndex = 0; path = ActivityIndicatorView_ProgressViewSample.app; sourceTree = BUILT_PRODUCTS_DIR; };
		2A7FA3FC1C3143C00072754E /* AppDelegate.swift */ = {isa = PBXFileReference; lastKnownFileType = sourcecode.swift; path = AppDelegate.swift; sourceTree = "<group>"; };
		2A7FA3FE1C3143C00072754E /* ViewController.swift */ = {isa = PBXFileReference; lastKnownFileType = sourcecode.swift; path = ViewController.swift; sourceTree = "<group>"; };
		2A7FA4011C3143C00072754E /* Base */ = {isa = PBXFileReference; lastKnownFileType = file.storyboard; name = Base; path = Base.lproj/Main.storyboard; sourceTree = "<group>"; };
		2A7FA4031C3143C00072754E /* Assets.xcassets */ = {isa = PBXFileReference; lastKnownFileType = folder.assetcatalog; path = Assets.xcassets; sourceTree = "<group>"; };
		2A7FA4061C3143C00072754E /* Base */ = {isa = PBXFileReference; lastKnownFileType = file.storyboard; name = Base; path = Base.lproj/LaunchScreen.storyboard; sourceTree = "<group>"; };
		2A7FA4081C3143C00072754E /* Info.plist */ = {isa = PBXFileReference; lastKnownFileType = text.plist.xml; path = Info.plist; sourceTree = "<group>"; };
		2A7FA40D1C3143C00072754E /* ActivityIndicatorView_ProgressViewSampleTests.xctest */ = {isa = PBXFileReference; explicitFileType = wrapper.cfbundle; includeInIndex = 0; path = ActivityIndicatorView_ProgressViewSampleTests.xctest; sourceTree = BUILT_PRODUCTS_DIR; };
		2A7FA4111C3143C00072754E /* ActivityIndicatorView_ProgressViewSampleTests.swift */ = {isa = PBXFileReference; lastKnownFileType = sourcecode.swift; path = ActivityIndicatorView_ProgressViewSampleTests.swift; sourceTree = "<group>"; };
		2A7FA4131C3143C00072754E /* Info.plist */ = {isa = PBXFileReference; lastKnownFileType = text.plist.xml; path = Info.plist; sourceTree = "<group>"; };
		2A7FA4181C3143C00072754E /* ActivityIndicatorView_ProgressViewSampleUITests.xctest */ = {isa = PBXFileReference; explicitFileType = wrapper.cfbundle; includeInIndex = 0; path = ActivityIndicatorView_ProgressViewSampleUITests.xctest; sourceTree = BUILT_PRODUCTS_DIR; };
		2A7FA41C1C3143C00072754E /* ActivityIndicatorView_ProgressViewSampleUITests.swift */ = {isa = PBXFileReference; lastKnownFileType = sourcecode.swift; path = ActivityIndicatorView_ProgressViewSampleUITests.swift; sourceTree = "<group>"; };
		2A7FA41E1C3143C00072754E /* Info.plist */ = {isa = PBXFileReference; lastKnownFileType = text.plist.xml; path = Info.plist; sourceTree = "<group>"; };
/* End PBXFileReference section */

/* Begin PBXFrameworksBuildPhase section */
		2A7FA3F61C3143C00072754E /* Frameworks */ = {
			isa = PBXFrameworksBuildPhase;
			buildActionMask = 2147483647;
			files = (
			);
			runOnlyForDeploymentPostprocessing = 0;
		};
		2A7FA40A1C3143C00072754E /* Frameworks */ = {
			isa = PBXFrameworksBuildPhase;
			buildActionMask = 2147483647;
			files = (
			);
			runOnlyForDeploymentPostprocessing = 0;
		};
		2A7FA4151C3143C00072754E /* Frameworks */ = {
			isa = PBXFrameworksBuildPhase;
			buildActionMask = 2147483647;
			files = (
			);
			runOnlyForDeploymentPostprocessing = 0;
		};
/* End PBXFrameworksBuildPhase section */

/* Begin PBXGroup section */
		2A7FA3F01C3143C00072754E = {
			isa = PBXGroup;
			children = (
				2A7FA3FB1C3143C00072754E /* ActivityIndicatorView_ProgressViewSample */,
				2A7FA4101C3143C00072754E /* ActivityIndicatorView_ProgressViewSampleTests */,
				2A7FA41B1C3143C00072754E /* ActivityIndicatorView_ProgressViewSampleUITests */,
				2A7FA3FA1C3143C00072754E /* Products */,
			);
			sourceTree = "<group>";
		};
		2A7FA3FA1C3143C00072754E /* Products */ = {
			isa = PBXGroup;
			children = (
				2A7FA3F91C3143C00072754E /* ActivityIndicatorView_ProgressViewSample.app */,
				2A7FA40D1C3143C00072754E /* ActivityIndicatorView_ProgressViewSampleTests.xctest */,
				2A7FA4181C3143C00072754E /* ActivityIndicatorView_ProgressViewSampleUITests.xctest */,
			);
			name = Products;
			sourceTree = "<group>";
		};
		2A7FA3FB1C3143C00072754E /* ActivityIndicatorView_ProgressViewSample */ = {
			isa = PBXGroup;
			children = (
				2A7FA3FC1C3143C00072754E /* AppDelegate.swift */,
				2A7FA3FE1C3143C00072754E /* ViewController.swift */,
				2A7FA4001C3143C00072754E /* Main.storyboard */,
				2A7FA4031C3143C00072754E /* Assets.xcassets */,
				2A7FA4051C3143C00072754E /* LaunchScreen.storyboard */,
				2A7FA4081C3143C00072754E /* Info.plist */,
			);
			path = ActivityIndicatorView_ProgressViewSample;
			sourceTree = "<group>";
		};
		2A7FA4101C3143C00072754E /* ActivityIndicatorView_ProgressViewSampleTests */ = {
			isa = PBXGroup;
			children = (
				2A7FA4111C3143C00072754E /* ActivityIndicatorView_ProgressViewSampleTests.swift */,
				2A7FA4131C3143C00072754E /* Info.plist */,
			);
			path = ActivityIndicatorView_ProgressViewSampleTests;
			sourceTree = "<group>";
		};
		2A7FA41B1C3143C00072754E /* ActivityIndicatorView_ProgressViewSampleUITests */ = {
			isa = PBXGroup;
			children = (
				2A7FA41C1C3143C00072754E /* ActivityIndicatorView_ProgressViewSampleUITests.swift */,
				2A7FA41E1C3143C00072754E /* Info.plist */,
			);
			path = ActivityIndicatorView_ProgressViewSampleUITests;
			sourceTree = "<group>";
		};
/* End PBXGroup section */

/* Begin PBXNativeTarget section */
		2A7FA3F81C3143C00072754E /* ActivityIndicatorView_ProgressViewSample */ = {
			isa = PBXNativeTarget;
			buildConfigurationList = 2A7FA4211C3143C00072754E /* Build configuration list for PBXNativeTarget "ActivityIndicatorView_ProgressViewSample" */;
			buildPhases = (
				2A7FA3F51C3143C00072754E /* Sources */,
				2A7FA3F61C3143C00072754E /* Frameworks */,
				2A7FA3F71C3143C00072754E /* Resources */,
			);
			buildRules = (
			);
			dependencies = (
			);
			name = ActivityIndicatorView_ProgressViewSample;
			productName = ActivityIndicatorView_ProgressViewSample;
			productReference = 2A7FA3F91C3143C00072754E /* ActivityIndicatorView_ProgressViewSample.app */;
			productType = "com.apple.product-type.application";
		};
		2A7FA40C1C3143C00072754E /* ActivityIndicatorView_ProgressViewSampleTests */ = {
			isa = PBXNativeTarget;
			buildConfigurationList = 2A7FA4241C3143C00072754E /* Build configuration list for PBXNativeTarget "ActivityIndicatorView_ProgressViewSampleTests" */;
			buildPhases = (
				2A7FA4091C3143C00072754E /* Sources */,
				2A7FA40A1C3143C00072754E /* Frameworks */,
				2A7FA40B1C3143C00072754E /* Resources */,
			);
			buildRules = (
			);
			dependencies = (
				2A7FA40F1C3143C00072754E /* PBXTargetDependency */,
			);
			name = ActivityIndicatorView_ProgressViewSampleTests;
			productName = ActivityIndicatorView_ProgressViewSampleTests;
			productReference = 2A7FA40D1C3143C00072754E /* ActivityIndicatorView_ProgressViewSampleTests.xctest */;
			productType = "com.apple.product-type.bundle.unit-test";
		};
		2A7FA4171C3143C00072754E /* ActivityIndicatorView_ProgressViewSampleUITests */ = {
			isa = PBXNativeTarget;
			buildConfigurationList = 2A7FA4271C3143C00072754E /* Build configuration list for PBXNativeTarget "ActivityIndicatorView_ProgressViewSampleUITests" */;
			buildPhases = (
				2A7FA4141C3143C00072754E /* Sources */,
				2A7FA4151C3143C00072754E /* Frameworks */,
				2A7FA4161C3143C00072754E /* Resources */,
			);
			buildRules = (
			);
			dependencies = (
				2A7FA41A1C3143C00072754E /* PBXTargetDependency */,
			);
			name = ActivityIndicatorView_ProgressViewSampleUITests;
			productName = ActivityIndicatorView_ProgressViewSampleUITests;
			productReference = 2A7FA4181C3143C00072754E /* ActivityIndicatorView_ProgressViewSampleUITests.xctest */;
			productType = "com.apple.product-type.bundle.ui-testing";
		};
/* End PBXNativeTarget section */

/* Begin PBXProject section */
		2A7FA3F11C3143C00072754E /* Project object */ = {
			isa = PBXProject;
			attributes = {
				LastSwiftUpdateCheck = 0720;
				LastUpgradeCheck = 0720;
				ORGANIZATIONNAME = "王海洋";
				TargetAttributes = {
					2A7FA3F81C3143C00072754E = {
						CreatedOnToolsVersion = 7.2;
						DevelopmentTeam = W32XJYZ728;
					};
					2A7FA40C1C3143C00072754E = {
						CreatedOnToolsVersion = 7.2;
						DevelopmentTeam = W32XJYZ728;
						TestTargetID = 2A7FA3F81C3143C00072754E;
					};
					2A7FA4171C3143C00072754E = {
						CreatedOnToolsVersion = 7.2;
						DevelopmentTeam = W32XJYZ728;
						TestTargetID = 2A7FA3F81C3143C00072754E;
					};
				};
			};
			buildConfigurationList = 2A7FA3F41C3143C00072754E /* Build configuration list for PBXProject "ActivityIndicatorView_ProgressViewSample" */;
			compatibilityVersion = "Xcode 3.2";
			developmentRegion = English;
			hasScannedForEncodings = 0;
			knownRegions = (
				en,
				Base,
			);
			mainGroup = 2A7FA3F01C3143C00072754E;
			productRefGroup = 2A7FA3FA1C3143C00072754E /* Products */;
			projectDirPath = "";
			projectRoot = "";
			targets = (
				2A7FA3F81C3143C00072754E /* ActivityIndicatorView_ProgressViewSample */,
				2A7FA40C1C3143C00072754E /* ActivityIndicatorView_ProgressViewSampleTests */,
				2A7FA4171C3143C00072754E /* ActivityIndicatorView_ProgressViewSampleUITests */,
			);
		};
/* End PBXProject section */

/* Begin PBXResourcesBuildPhase section */
		2A7FA3F71C3143C00072754E /* Resources */ = {
			isa = PBXResourcesBuildPhase;
			buildActionMask = 2147483647;
			files = (
				2A7FA4071C3143C00072754E /* LaunchScreen.storyboard in Resources */,
				2A7FA4041C3143C00072754E /* Assets.xcassets in Resources */,
				2A7FA4021C3143C00072754E /* Main.storyboard in Resources */,
			);
			runOnlyForDeploymentPostprocessing = 0;
		};
		2A7FA40B1C3143C00072754E /* Resources */ = {
			isa = PBXResourcesBuildPhase;
			buildActionMask = 2147483647;
			files = (
			);
			runOnlyForDeploymentPostprocessing = 0;
		};
		2A7FA4161C3143C00072754E /* Resources */ = {
			isa = PBXResourcesBuildPhase;
			buildActionMask = 2147483647;
			files = (
			);
			runOnlyForDeploymentPostprocessing = 0;
		};
/* End PBXResourcesBuildPhase section */

/* Begin PBXSourcesBuildPhase section */
		2A7FA3F51C3143C00072754E /* Sources */ = {
			isa = PBXSourcesBuildPhase;
			buildActionMask = 2147483647;
			files = (
				2A7FA3FF1C3143C00072754E /* ViewController.swift in Sources */,
				2A7FA3FD1C3143C00072754E /* AppDelegate.swift in Sources */,
			);
			runOnlyForDeploymentPostprocessing = 0;
		};
		2A7FA4091C3143C00072754E /* Sources */ = {
			isa = PBXSourcesBuildPhase;
			buildActionMask = 2147483647;
			files = (
				2A7FA4121C3143C00072754E /* ActivityIndicatorView_ProgressViewSampleTests.swift in Sources */,
			);
			runOnlyForDeploymentPostprocessing = 0;
		};
		2A7FA4141C3143C00072754E /* Sources */ = {
			isa = PBXSourcesBuildPhase;
			buildActionMask = 2147483647;
			files = (
				2A7FA41D1C3143C00072754E /* ActivityIndicatorView_ProgressViewSampleUITests.swift in Sources */,
			);
			runOnlyForDeploymentPostprocessing = 0;
		};
/* End PBXSourcesBuildPhase section */

/* Begin PBXTargetDependency section */
		2A7FA40F1C3143C00072754E /* PBXTargetDependency */ = {
			isa = PBXTargetDependency;
			target = 2A7FA3F81C3143C00072754E /* ActivityIndicatorView_ProgressViewSample */;
			targetProxy = 2A7FA40E1C3143C00072754E /* PBXContainerItemProxy */;
		};
		2A7FA41A1C3143C00072754E /* PBXTargetDependency */ = {
			isa = PBXTargetDependency;
			target = 2A7FA3F81C3143C00072754E /* ActivityIndicatorView_ProgressViewSample */;
			targetProxy = 2A7FA4191C3143C00072754E /* PBXContainerItemProxy */;
		};
/* End PBXTargetDependency section */

/* Begin PBXVariantGroup section */
		2A7FA4001C3143C00072754E /* Main.storyboard */ = {
			isa = PBXVariantGroup;
			children = (
				2A7FA4011C3143C00072754E /* Base */,
			);
			name = Main.storyboard;
			sourceTree = "<group>";
		};
		2A7FA4051C3143C00072754E /* LaunchScreen.storyboard */ = {
			isa = PBXVariantGroup;
			children = (
				2A7FA4061C3143C00072754E /* Base */,
			);
			name = LaunchScreen.storyboard;
			sourceTree = "<group>";
		};
/* End PBXVariantGroup section */

/* Begin XCBuildConfiguration section */
		2A7FA41F1C3143C00072754E /* Debug */ = {
			isa = XCBuildConfiguration;
			buildSettings = {
				ALWAYS_SEARCH_USER_PATHS = NO;
				CLANG_CXX_LANGUAGE_STANDARD = "gnu++0x";
				CLANG_CXX_LIBRARY = "libc++";
				CLANG_ENABLE_MODULES = YES;
				CLANG_ENABLE_OBJC_ARC = YES;
				CLANG_WARN_BOOL_CONVERSION = YES;
				CLANG_WARN_CONSTANT_CONVERSION = YES;
				CLANG_WARN_DIRECT_OBJC_ISA_USAGE = YES_ERROR;
				CLANG_WARN_EMPTY_BODY = YES;
				CLANG_WARN_ENUM_CONVERSION = YES;
				CLANG_WARN_INT_CONVERSION = YES;
				CLANG_WARN_OBJC_ROOT_CLASS = YES_ERROR;
				CLANG_WARN_UNREACHABLE_CODE = YES;
				CLANG_WARN__DUPLICATE_METHOD_MATCH = YES;
				"CODE_SIGN_IDENTITY[sdk=iphoneos*]" = "iPhone Developer";
				COPY_PHASE_STRIP = NO;
				DEBUG_INFORMATION_FORMAT = dwarf;
				ENABLE_STRICT_OBJC_MSGSEND = YES;
				ENABLE_TESTABILITY = YES;
				GCC_C_LANGUAGE_STANDARD = gnu99;
				GCC_DYNAMIC_NO_PIC = NO;
				GCC_NO_COMMON_BLOCKS = YES;
				GCC_OPTIMIZATION_LEVEL = 0;
				GCC_PREPROCESSOR_DEFINITIONS = (
					"DEBUG=1",
					"$(inherited)",
				);
				GCC_WARN_64_TO_32_BIT_CONVERSION = YES;
				GCC_WARN_ABOUT_RETURN_TYPE = YES_ERROR;
				GCC_WARN_UNDECLARED_SELECTOR = YES;
				GCC_WARN_UNINITIALIZED_AUTOS = YES_AGGRESSIVE;
				GCC_WARN_UNUSED_FUNCTION = YES;
				GCC_WARN_UNUSED_VARIABLE = YES;
				IPHONEOS_DEPLOYMENT_TARGET = 9.2;
				MTL_ENABLE_DEBUG_INFO = YES;
				ONLY_ACTIVE_ARCH = YES;
				SDKROOT = iphoneos;
				SWIFT_OPTIMIZATION_LEVEL = "-Onone";
			};
			name = Debug;
		};
		2A7FA4201C3143C00072754E /* Release */ = {
			isa = XCBuildConfiguration;
			buildSettings = {
				ALWAYS_SEARCH_USER_PATHS = NO;
				CLANG_CXX_LANGUAGE_STANDARD = "gnu++0x";
				CLANG_CXX_LIBRARY = "libc++";
				CLANG_ENABLE_MODULES = YES;
				CLANG_ENABLE_OBJC_ARC = YES;
				CLANG_WARN_BOOL_CONVERSION = YES;
				CLANG_WARN_CONSTANT_CONVERSION = YES;
				CLANG_WARN_DIRECT_OBJC_ISA_USAGE = YES_ERROR;
				CLANG_WARN_EMPTY_BODY = YES;
				CLANG_WARN_ENUM_CONVERSION = YES;
				CLANG_WARN_INT_CONVERSION = YES;
				CLANG_WARN_OBJC_ROOT_CLASS = YES_ERROR;
				CLANG_WARN_UNREACHABLE_CODE = YES;
				CLANG_WARN__DUPLICATE_METHOD_MATCH = YES;
				"CODE_SIGN_IDENTITY[sdk=iphoneos*]" = "iPhone Developer";
				COPY_PHASE_STRIP = NO;
				DEBUG_INFORMATION_FORMAT = "dwarf-with-dsym";
				ENABLE_NS_ASSERTIONS = NO;
				ENABLE_STRICT_OBJC_MSGSEND = YES;
				GCC_C_LANGUAGE_STANDARD = gnu99;
				GCC_NO_COMMON_BLOCKS = YES;
				GCC_WARN_64_TO_32_BIT_CONVERSION = YES;
				GCC_WARN_ABOUT_RETURN_TYPE = YES_ERROR;
				GCC_WARN_UNDECLARED_SELECTOR = YES;
				GCC_WARN_UNINITIALIZED_AUTOS = YES_AGGRESSIVE;
				GCC_WARN_UNUSED_FUNCTION = YES;
				GCC_WARN_UNUSED_VARIABLE = YES;
				IPHONEOS_DEPLOYMENT_TARGET = 9.2;
				MTL_ENABLE_DEBUG_INFO = NO;
				SDKROOT = iphoneos;
				VALIDATE_PRODUCT = YES;
			};
			name = Release;
		};
		2A7FA4221C3143C00072754E /* Debug */ = {
			isa = XCBuildConfiguration;
			buildSettings = {
				ASSETCATALOG_COMPILER_APPICON_NAME = AppIcon;
				INFOPLIST_FILE = ActivityIndicatorView_ProgressViewSample/Info.plist;
				LD_RUNPATH_SEARCH_PATHS = "$(inherited) @executable_path/Frameworks";
				PRODUCT_BUNDLE_IDENTIFIER = "com.loloven.ActivityIndicatorView-ProgressViewSample";
				PRODUCT_NAME = "$(TARGET_NAME)";
			};
			name = Debug;
		};
		2A7FA4231C3143C00072754E /* Release */ = {
			isa = XCBuildConfiguration;
			buildSettings = {
				ASSETCATALOG_COMPILER_APPICON_NAME = AppIcon;
				INFOPLIST_FILE = ActivityIndicatorView_ProgressViewSample/Info.plist;
				LD_RUNPATH_SEARCH_PATHS = "$(inherited) @executable_path/Frameworks";
				PRODUCT_BUNDLE_IDENTIFIER = "com.loloven.ActivityIndicatorView-ProgressViewSample";
				PRODUCT_NAME = "$(TARGET_NAME)";
			};
			name = Release;
		};
		2A7FA4251C3143C00072754E /* Debug */ = {
			isa = XCBuildConfiguration;
			buildSettings = {
				BUNDLE_LOADER = "$(TEST_HOST)";
				INFOPLIST_FILE = ActivityIndicatorView_ProgressViewSampleTests/Info.plist;
				LD_RUNPATH_SEARCH_PATHS = "$(inherited) @executable_path/Frameworks @loader_path/Frameworks";
				PRODUCT_BUNDLE_IDENTIFIER = "com.loloven.ActivityIndicatorView-ProgressViewSampleTests";
				PRODUCT_NAME = "$(TARGET_NAME)";
				TEST_HOST = "$(BUILT_PRODUCTS_DIR)/ActivityIndicatorView_ProgressViewSample.app/ActivityIndicatorView_ProgressViewSample";
			};
			name = Debug;
		};
		2A7FA4261C3143C00072754E /* Release */ = {
			isa = XCBuildConfiguration;
			buildSettings = {
				BUNDLE_LOADER = "$(TEST_HOST)";
				INFOPLIST_FILE = ActivityIndicatorView_ProgressViewSampleTests/Info.plist;
				LD_RUNPATH_SEARCH_PATHS = "$(inherited) @executable_path/Frameworks @loader_path/Frameworks";
				PRODUCT_BUNDLE_IDENTIFIER = "com.loloven.ActivityIndicatorView-ProgressViewSampleTests";
				PRODUCT_NAME = "$(TARGET_NAME)";
				TEST_HOST = "$(BUILT_PRODUCTS_DIR)/ActivityIndicatorView_ProgressViewSample.app/ActivityIndicatorView_ProgressViewSample";
			};
			name = Release;
		};
		2A7FA4281C3143C00072754E /* Debug */ = {
			isa = XCBuildConfiguration;
			buildSettings = {
				INFOPLIST_FILE = ActivityIndicatorView_ProgressViewSampleUITests/Info.plist;
				LD_RUNPATH_SEARCH_PATHS = "$(inherited) @executable_path/Frameworks @loader_path/Frameworks";
				PRODUCT_BUNDLE_IDENTIFIER = "com.loloven.ActivityIndicatorView-ProgressViewSampleUITests";
				PRODUCT_NAME = "$(TARGET_NAME)";
				TEST_TARGET_NAME = ActivityIndicatorView_ProgressViewSample;
				USES_XCTRUNNER = YES;
			};
			name = Debug;
		};
		2A7FA4291C3143C00072754E /* Release */ = {
			isa = XCBuildConfiguration;
			buildSettings = {
				INFOPLIST_FILE = ActivityIndicatorView_ProgressViewSampleUITests/Info.plist;
				LD_RUNPATH_SEARCH_PATHS = "$(inherited) @executable_path/Frameworks @loader_path/Frameworks";
				PRODUCT_BUNDLE_IDENTIFIER = "com.loloven.ActivityIndicatorView-ProgressViewSampleUITests";
				PRODUCT_NAME = "$(TARGET_NAME)";
				TEST_TARGET_NAME = ActivityIndicatorView_ProgressViewSample;
				USES_XCTRUNNER = YES;
			};
			name = Release;
		};
/* End XCBuildConfiguration section */

/* Begin XCConfigurationList section */
		2A7FA3F41C3143C00072754E /* Build configuration list for PBXProject "ActivityIndicatorView_ProgressViewSample" */ = {
			isa = XCConfigurationList;
			buildConfigurations = (
				2A7FA41F1C3143C00072754E /* Debug */,
				2A7FA4201C3143C00072754E /* Release */,
			);
			defaultConfigurationIsVisible = 0;
			defaultConfigurationName = Release;
		};
		2A7FA4211C3143C00072754E /* Build configuration list for PBXNativeTarget "ActivityIndicatorView_ProgressViewSample" */ = {
			isa = XCConfigurationList;
			buildConfigurations = (
				2A7FA4221C3143C00072754E /* Debug */,
				2A7FA4231C3143C00072754E /* Release */,
			);
			defaultConfigurationIsVisible = 0;
		};
		2A7FA4241C3143C00072754E /* Build configuration list for PBXNativeTarget "ActivityIndicatorView_ProgressViewSampleTests" */ = {
			isa = XCConfigurationList;
			buildConfigurations = (
				2A7FA4251C3143C00072754E /* Debug */,
				2A7FA4261C3143C00072754E /* Release */,
			);
			defaultConfigurationIsVisible = 0;
		};
		2A7FA4271C3143C00072754E /* Build configuration list for PBXNativeTarget "ActivityIndicatorView_ProgressViewSampleUITests" */ = {
			isa = XCConfigurationList;
			buildConfigurations = (
				2A7FA4281C3143C00072754E /* Debug */,
				2A7FA4291C3143C00072754E /* Release */,
			);
			defaultConfigurationIsVisible = 0;
		};
/* End XCConfigurationList section */
	};
	rootObject = 2A7FA3F11C3143C00072754E /* Project object */;
}
