// !$*UTF8*$!
{
	archiveVersion = 1;
	classes = {
	};
	objectVersion = 46;
	objects = {

/* Begin PBXBuildFile section */
		2A398B231C2E2BC400A6FFE3 /* AppDelegate.swift in Sources */ = {isa = PBXBuildFile; fileRef = 2A398B221C2E2BC400A6FFE3 /* AppDelegate.swift */; };
		2A398B251C2E2BC400A6FFE3 /* FirstViewController.swift in Sources */ = {isa = PBXBuildFile; fileRef = 2A398B241C2E2BC400A6FFE3 /* FirstViewController.swift */; };
		2A398B271C2E2BC400A6FFE3 /* SecondViewController.swift in Sources */ = {isa = PBXBuildFile; fileRef = 2A398B261C2E2BC400A6FFE3 /* SecondViewController.swift */; };
		2A398B2A1C2E2BC400A6FFE3 /* Main.storyboard in Resources */ = {isa = PBXBuildFile; fileRef = 2A398B281C2E2BC400A6FFE3 /* Main.storyboard */; };
		2A398B2C1C2E2BC400A6FFE3 /* Assets.xcassets in Resources */ = {isa = PBXBuildFile; fileRef = 2A398B2B1C2E2BC400A6FFE3 /* Assets.xcassets */; };
		2A398B2F1C2E2BC400A6FFE3 /* LaunchScreen.storyboard in Resources */ = {isa = PBXBuildFile; fileRef = 2A398B2D1C2E2BC400A6FFE3 /* LaunchScreen.storyboard */; };
		2A398B3A1C2E2BC400A6FFE3 /* SecondSceneTests.swift in Sources */ = {isa = PBXBuildFile; fileRef = 2A398B391C2E2BC400A6FFE3 /* SecondSceneTests.swift */; };
		2A398B451C2E2BC400A6FFE3 /* SecondSceneUITests.swift in Sources */ = {isa = PBXBuildFile; fileRef = 2A398B441C2E2BC400A6FFE3 /* SecondSceneUITests.swift */; };
/* End PBXBuildFile section */

/* Begin PBXContainerItemProxy section */
		2A398B361C2E2BC400A6FFE3 /* PBXContainerItemProxy */ = {
			isa = PBXContainerItemProxy;
			containerPortal = 2A398B171C2E2BC400A6FFE3 /* Project object */;
			proxyType = 1;
			remoteGlobalIDString = 2A398B1E1C2E2BC400A6FFE3;
			remoteInfo = SecondScene;
		};
		2A398B411C2E2BC400A6FFE3 /* PBXContainerItemProxy */ = {
			isa = PBXContainerItemProxy;
			containerPortal = 2A398B171C2E2BC400A6FFE3 /* Project object */;
			proxyType = 1;
			remoteGlobalIDString = 2A398B1E1C2E2BC400A6FFE3;
			remoteInfo = SecondScene;
		};
/* End PBXContainerItemProxy section */

/* Begin PBXFileReference section */
		2A398B1F1C2E2BC400A6FFE3 /* SecondScene.app */ = {isa = PBXFileReference; explicitFileType = wrapper.application; includeInIndex = 0; path = SecondScene.app; sourceTree = BUILT_PRODUCTS_DIR; };
		2A398B221C2E2BC400A6FFE3 /* AppDelegate.swift */ = {isa = PBXFileReference; lastKnownFileType = sourcecode.swift; path = AppDelegate.swift; sourceTree = "<group>"; };
		2A398B241C2E2BC400A6FFE3 /* FirstViewController.swift */ = {isa = PBXFileReference; lastKnownFileType = sourcecode.swift; path = FirstViewController.swift; sourceTree = "<group>"; };
		2A398B261C2E2BC400A6FFE3 /* SecondViewController.swift */ = {isa = PBXFileReference; lastKnownFileType = sourcecode.swift; path = SecondViewController.swift; sourceTree = "<group>"; };
		2A398B291C2E2BC400A6FFE3 /* Base */ = {isa = PBXFileReference; lastKnownFileType = file.storyboard; name = Base; path = Base.lproj/Main.storyboard; sourceTree = "<group>"; };
		2A398B2B1C2E2BC400A6FFE3 /* Assets.xcassets */ = {isa = PBXFileReference; lastKnownFileType = folder.assetcatalog; path = Assets.xcassets; sourceTree = "<group>"; };
		2A398B2E1C2E2BC400A6FFE3 /* Base */ = {isa = PBXFileReference; lastKnownFileType = file.storyboard; name = Base; path = Base.lproj/LaunchScreen.storyboard; sourceTree = "<group>"; };
		2A398B301C2E2BC400A6FFE3 /* Info.plist */ = {isa = PBXFileReference; lastKnownFileType = text.plist.xml; path = Info.plist; sourceTree = "<group>"; };
		2A398B351C2E2BC400A6FFE3 /* SecondSceneTests.xctest */ = {isa = PBXFileReference; explicitFileType = wrapper.cfbundle; includeInIndex = 0; path = SecondSceneTests.xctest; sourceTree = BUILT_PRODUCTS_DIR; };
		2A398B391C2E2BC400A6FFE3 /* SecondSceneTests.swift */ = {isa = PBXFileReference; lastKnownFileType = sourcecode.swift; path = SecondSceneTests.swift; sourceTree = "<group>"; };
		2A398B3B1C2E2BC400A6FFE3 /* Info.plist */ = {isa = PBXFileReference; lastKnownFileType = text.plist.xml; path = Info.plist; sourceTree = "<group>"; };
		2A398B401C2E2BC400A6FFE3 /* SecondSceneUITests.xctest */ = {isa = PBXFileReference; explicitFileType = wrapper.cfbundle; includeInIndex = 0; path = SecondSceneUITests.xctest; sourceTree = BUILT_PRODUCTS_DIR; };
		2A398B441C2E2BC400A6FFE3 /* SecondSceneUITests.swift */ = {isa = PBXFileReference; lastKnownFileType = sourcecode.swift; path = SecondSceneUITests.swift; sourceTree = "<group>"; };
		2A398B461C2E2BC400A6FFE3 /* Info.plist */ = {isa = PBXFileReference; lastKnownFileType = text.plist.xml; path = Info.plist; sourceTree = "<group>"; };
/* End PBXFileReference section */

/* Begin PBXFrameworksBuildPhase section */
		2A398B1C1C2E2BC400A6FFE3 /* Frameworks */ = {
			isa = PBXFrameworksBuildPhase;
			buildActionMask = 2147483647;
			files = (
			);
			runOnlyForDeploymentPostprocessing = 0;
		};
		2A398B321C2E2BC400A6FFE3 /* Frameworks */ = {
			isa = PBXFrameworksBuildPhase;
			buildActionMask = 2147483647;
			files = (
			);
			runOnlyForDeploymentPostprocessing = 0;
		};
		2A398B3D1C2E2BC400A6FFE3 /* Frameworks */ = {
			isa = PBXFrameworksBuildPhase;
			buildActionMask = 2147483647;
			files = (
			);
			runOnlyForDeploymentPostprocessing = 0;
		};
/* End PBXFrameworksBuildPhase section */

/* Begin PBXGroup section */
		2A398B161C2E2BC400A6FFE3 = {
			isa = PBXGroup;
			children = (
				2A398B211C2E2BC400A6FFE3 /* SecondScene */,
				2A398B381C2E2BC400A6FFE3 /* SecondSceneTests */,
				2A398B431C2E2BC400A6FFE3 /* SecondSceneUITests */,
				2A398B201C2E2BC400A6FFE3 /* Products */,
			);
			sourceTree = "<group>";
		};
		2A398B201C2E2BC400A6FFE3 /* Products */ = {
			isa = PBXGroup;
			children = (
				2A398B1F1C2E2BC400A6FFE3 /* SecondScene.app */,
				2A398B351C2E2BC400A6FFE3 /* SecondSceneTests.xctest */,
				2A398B401C2E2BC400A6FFE3 /* SecondSceneUITests.xctest */,
			);
			name = Products;
			sourceTree = "<group>";
		};
		2A398B211C2E2BC400A6FFE3 /* SecondScene */ = {
			isa = PBXGroup;
			children = (
				2A398B221C2E2BC400A6FFE3 /* AppDelegate.swift */,
				2A398B241C2E2BC400A6FFE3 /* FirstViewController.swift */,
				2A398B261C2E2BC400A6FFE3 /* SecondViewController.swift */,
				2A398B281C2E2BC400A6FFE3 /* Main.storyboard */,
				2A398B2B1C2E2BC400A6FFE3 /* Assets.xcassets */,
				2A398B2D1C2E2BC400A6FFE3 /* LaunchScreen.storyboard */,
				2A398B301C2E2BC400A6FFE3 /* Info.plist */,
			);
			path = SecondScene;
			sourceTree = "<group>";
		};
		2A398B381C2E2BC400A6FFE3 /* SecondSceneTests */ = {
			isa = PBXGroup;
			children = (
				2A398B391C2E2BC400A6FFE3 /* SecondSceneTests.swift */,
				2A398B3B1C2E2BC400A6FFE3 /* Info.plist */,
			);
			path = SecondSceneTests;
			sourceTree = "<group>";
		};
		2A398B431C2E2BC400A6FFE3 /* SecondSceneUITests */ = {
			isa = PBXGroup;
			children = (
				2A398B441C2E2BC400A6FFE3 /* SecondSceneUITests.swift */,
				2A398B461C2E2BC400A6FFE3 /* Info.plist */,
			);
			path = SecondSceneUITests;
			sourceTree = "<group>";
		};
/* End PBXGroup section */

/* Begin PBXNativeTarget section */
		2A398B1E1C2E2BC400A6FFE3 /* SecondScene */ = {
			isa = PBXNativeTarget;
			buildConfigurationList = 2A398B491C2E2BC400A6FFE3 /* Build configuration list for PBXNativeTarget "SecondScene" */;
			buildPhases = (
				2A398B1B1C2E2BC400A6FFE3 /* Sources */,
				2A398B1C1C2E2BC400A6FFE3 /* Frameworks */,
				2A398B1D1C2E2BC400A6FFE3 /* Resources */,
			);
			buildRules = (
			);
			dependencies = (
			);
			name = SecondScene;
			productName = SecondScene;
			productReference = 2A398B1F1C2E2BC400A6FFE3 /* SecondScene.app */;
			productType = "com.apple.product-type.application";
		};
		2A398B341C2E2BC400A6FFE3 /* SecondSceneTests */ = {
			isa = PBXNativeTarget;
			buildConfigurationList = 2A398B4C1C2E2BC400A6FFE3 /* Build configuration list for PBXNativeTarget "SecondSceneTests" */;
			buildPhases = (
				2A398B311C2E2BC400A6FFE3 /* Sources */,
				2A398B321C2E2BC400A6FFE3 /* Frameworks */,
				2A398B331C2E2BC400A6FFE3 /* Resources */,
			);
			buildRules = (
			);
			dependencies = (
				2A398B371C2E2BC400A6FFE3 /* PBXTargetDependency */,
			);
			name = SecondSceneTests;
			productName = SecondSceneTests;
			productReference = 2A398B351C2E2BC400A6FFE3 /* SecondSceneTests.xctest */;
			productType = "com.apple.product-type.bundle.unit-test";
		};
		2A398B3F1C2E2BC400A6FFE3 /* SecondSceneUITests */ = {
			isa = PBXNativeTarget;
			buildConfigurationList = 2A398B4F1C2E2BC400A6FFE3 /* Build configuration list for PBXNativeTarget "SecondSceneUITests" */;
			buildPhases = (
				2A398B3C1C2E2BC400A6FFE3 /* Sources */,
				2A398B3D1C2E2BC400A6FFE3 /* Frameworks */,
				2A398B3E1C2E2BC400A6FFE3 /* Resources */,
			);
			buildRules = (
			);
			dependencies = (
				2A398B421C2E2BC400A6FFE3 /* PBXTargetDependency */,
			);
			name = SecondSceneUITests;
			productName = SecondSceneUITests;
			productReference = 2A398B401C2E2BC400A6FFE3 /* SecondSceneUITests.xctest */;
			productType = "com.apple.product-type.bundle.ui-testing";
		};
/* End PBXNativeTarget section */

/* Begin PBXProject section */
		2A398B171C2E2BC400A6FFE3 /* Project object */ = {
			isa = PBXProject;
			attributes = {
				LastSwiftUpdateCheck = 0720;
				LastUpgradeCheck = 0720;
				ORGANIZATIONNAME = "王海洋";
				TargetAttributes = {
					2A398B1E1C2E2BC400A6FFE3 = {
						CreatedOnToolsVersion = 7.2;
						DevelopmentTeam = W32XJYZ728;
					};
					2A398B341C2E2BC400A6FFE3 = {
						CreatedOnToolsVersion = 7.2;
						DevelopmentTeam = W32XJYZ728;
						TestTargetID = 2A398B1E1C2E2BC400A6FFE3;
					};
					2A398B3F1C2E2BC400A6FFE3 = {
						CreatedOnToolsVersion = 7.2;
						DevelopmentTeam = W32XJYZ728;
						TestTargetID = 2A398B1E1C2E2BC400A6FFE3;
					};
				};
			};
			buildConfigurationList = 2A398B1A1C2E2BC400A6FFE3 /* Build configuration list for PBXProject "SecondScene" */;
			compatibilityVersion = "Xcode 3.2";
			developmentRegion = English;
			hasScannedForEncodings = 0;
			knownRegions = (
				en,
				Base,
			);
			mainGroup = 2A398B161C2E2BC400A6FFE3;
			productRefGroup = 2A398B201C2E2BC400A6FFE3 /* Products */;
			projectDirPath = "";
			projectRoot = "";
			targets = (
				2A398B1E1C2E2BC400A6FFE3 /* SecondScene */,
				2A398B341C2E2BC400A6FFE3 /* SecondSceneTests */,
				2A398B3F1C2E2BC400A6FFE3 /* SecondSceneUITests */,
			);
		};
/* End PBXProject section */

/* Begin PBXResourcesBuildPhase section */
		2A398B1D1C2E2BC400A6FFE3 /* Resources */ = {
			isa = PBXResourcesBuildPhase;
			buildActionMask = 2147483647;
			files = (
				2A398B2F1C2E2BC400A6FFE3 /* LaunchScreen.storyboard in Resources */,
				2A398B2C1C2E2BC400A6FFE3 /* Assets.xcassets in Resources */,
				2A398B2A1C2E2BC400A6FFE3 /* Main.storyboard in Resources */,
			);
			runOnlyForDeploymentPostprocessing = 0;
		};
		2A398B331C2E2BC400A6FFE3 /* Resources */ = {
			isa = PBXResourcesBuildPhase;
			buildActionMask = 2147483647;
			files = (
			);
			runOnlyForDeploymentPostprocessing = 0;
		};
		2A398B3E1C2E2BC400A6FFE3 /* Resources */ = {
			isa = PBXResourcesBuildPhase;
			buildActionMask = 2147483647;
			files = (
			);
			runOnlyForDeploymentPostprocessing = 0;
		};
/* End PBXResourcesBuildPhase section */

/* Begin PBXSourcesBuildPhase section */
		2A398B1B1C2E2BC400A6FFE3 /* Sources */ = {
			isa = PBXSourcesBuildPhase;
			buildActionMask = 2147483647;
			files = (
				2A398B271C2E2BC400A6FFE3 /* SecondViewController.swift in Sources */,
				2A398B231C2E2BC400A6FFE3 /* AppDelegate.swift in Sources */,
				2A398B251C2E2BC400A6FFE3 /* FirstViewController.swift in Sources */,
			);
			runOnlyForDeploymentPostprocessing = 0;
		};
		2A398B311C2E2BC400A6FFE3 /* Sources */ = {
			isa = PBXSourcesBuildPhase;
			buildActionMask = 2147483647;
			files = (
				2A398B3A1C2E2BC400A6FFE3 /* SecondSceneTests.swift in Sources */,
			);
			runOnlyForDeploymentPostprocessing = 0;
		};
		2A398B3C1C2E2BC400A6FFE3 /* Sources */ = {
			isa = PBXSourcesBuildPhase;
			buildActionMask = 2147483647;
			files = (
				2A398B451C2E2BC400A6FFE3 /* SecondSceneUITests.swift in Sources */,
			);
			runOnlyForDeploymentPostprocessing = 0;
		};
/* End PBXSourcesBuildPhase section */

/* Begin PBXTargetDependency section */
		2A398B371C2E2BC400A6FFE3 /* PBXTargetDependency */ = {
			isa = PBXTargetDependency;
			target = 2A398B1E1C2E2BC400A6FFE3 /* SecondScene */;
			targetProxy = 2A398B361C2E2BC400A6FFE3 /* PBXContainerItemProxy */;
		};
		2A398B421C2E2BC400A6FFE3 /* PBXTargetDependency */ = {
			isa = PBXTargetDependency;
			target = 2A398B1E1C2E2BC400A6FFE3 /* SecondScene */;
			targetProxy = 2A398B411C2E2BC400A6FFE3 /* PBXContainerItemProxy */;
		};
/* End PBXTargetDependency section */

/* Begin PBXVariantGroup section */
		2A398B281C2E2BC400A6FFE3 /* Main.storyboard */ = {
			isa = PBXVariantGroup;
			children = (
				2A398B291C2E2BC400A6FFE3 /* Base */,
			);
			name = Main.storyboard;
			sourceTree = "<group>";
		};
		2A398B2D1C2E2BC400A6FFE3 /* LaunchScreen.storyboard */ = {
			isa = PBXVariantGroup;
			children = (
				2A398B2E1C2E2BC400A6FFE3 /* Base */,
			);
			name = LaunchScreen.storyboard;
			sourceTree = "<group>";
		};
/* End PBXVariantGroup section */

/* Begin XCBuildConfiguration section */
		2A398B471C2E2BC400A6FFE3 /* Debug */ = {
			isa = XCBuildConfiguration;
			buildSettings = {
				ALWAYS_SEARCH_USER_PATHS = NO;
				CLANG_CXX_LANGUAGE_STANDARD = "gnu++0x";
				CLANG_CXX_LIBRARY = "libc++";
				CLANG_ENABLE_MODULES = YES;
				CLANG_ENABLE_OBJC_ARC = YES;
				CLANG_WARN_BOOL_CONVERSION = YES;
				CLANG_WARN_CONSTANT_CONVERSION = YES;
				CLANG_WARN_DIRECT_OBJC_ISA_USAGE = YES_ERROR;
				CLANG_WARN_EMPTY_BODY = YES;
				CLANG_WARN_ENUM_CONVERSION = YES;
				CLANG_WARN_INT_CONVERSION = YES;
				CLANG_WARN_OBJC_ROOT_CLASS = YES_ERROR;
				CLANG_WARN_UNREACHABLE_CODE = YES;
				CLANG_WARN__DUPLICATE_METHOD_MATCH = YES;
				"CODE_SIGN_IDENTITY[sdk=iphoneos*]" = "iPhone Developer";
				COPY_PHASE_STRIP = NO;
				DEBUG_INFORMATION_FORMAT = dwarf;
				ENABLE_STRICT_OBJC_MSGSEND = YES;
				ENABLE_TESTABILITY = YES;
				GCC_C_LANGUAGE_STANDARD = gnu99;
				GCC_DYNAMIC_NO_PIC = NO;
				GCC_NO_COMMON_BLOCKS = YES;
				GCC_OPTIMIZATION_LEVEL = 0;
				GCC_PREPROCESSOR_DEFINITIONS = (
					"DEBUG=1",
					"$(inherited)",
				);
				GCC_WARN_64_TO_32_BIT_CONVERSION = YES;
				GCC_WARN_ABOUT_RETURN_TYPE = YES_ERROR;
				GCC_WARN_UNDECLARED_SELECTOR = YES;
				GCC_WARN_UNINITIALIZED_AUTOS = YES_AGGRESSIVE;
				GCC_WARN_UNUSED_FUNCTION = YES;
				GCC_WARN_UNUSED_VARIABLE = YES;
				IPHONEOS_DEPLOYMENT_TARGET = 9.2;
				MTL_ENABLE_DEBUG_INFO = YES;
				ONLY_ACTIVE_ARCH = YES;
				SDKROOT = iphoneos;
				SWIFT_OPTIMIZATION_LEVEL = "-Onone";
			};
			name = Debug;
		};
		2A398B481C2E2BC400A6FFE3 /* Release */ = {
			isa = XCBuildConfiguration;
			buildSettings = {
				ALWAYS_SEARCH_USER_PATHS = NO;
				CLANG_CXX_LANGUAGE_STANDARD = "gnu++0x";
				CLANG_CXX_LIBRARY = "libc++";
				CLANG_ENABLE_MODULES = YES;
				CLANG_ENABLE_OBJC_ARC = YES;
				CLANG_WARN_BOOL_CONVERSION = YES;
				CLANG_WARN_CONSTANT_CONVERSION = YES;
				CLANG_WARN_DIRECT_OBJC_ISA_USAGE = YES_ERROR;
				CLANG_WARN_EMPTY_BODY = YES;
				CLANG_WARN_ENUM_CONVERSION = YES;
				CLANG_WARN_INT_CONVERSION = YES;
				CLANG_WARN_OBJC_ROOT_CLASS = YES_ERROR;
				CLANG_WARN_UNREACHABLE_CODE = YES;
				CLANG_WARN__DUPLICATE_METHOD_MATCH = YES;
				"CODE_SIGN_IDENTITY[sdk=iphoneos*]" = "iPhone Developer";
				COPY_PHASE_STRIP = NO;
				DEBUG_INFORMATION_FORMAT = "dwarf-with-dsym";
				ENABLE_NS_ASSERTIONS = NO;
				ENABLE_STRICT_OBJC_MSGSEND = YES;
				GCC_C_LANGUAGE_STANDARD = gnu99;
				GCC_NO_COMMON_BLOCKS = YES;
				GCC_WARN_64_TO_32_BIT_CONVERSION = YES;
				GCC_WARN_ABOUT_RETURN_TYPE = YES_ERROR;
				GCC_WARN_UNDECLARED_SELECTOR = YES;
				GCC_WARN_UNINITIALIZED_AUTOS = YES_AGGRESSIVE;
				GCC_WARN_UNUSED_FUNCTION = YES;
				GCC_WARN_UNUSED_VARIABLE = YES;
				IPHONEOS_DEPLOYMENT_TARGET = 9.2;
				MTL_ENABLE_DEBUG_INFO = NO;
				SDKROOT = iphoneos;
				VALIDATE_PRODUCT = YES;
			};
			name = Release;
		};
		2A398B4A1C2E2BC400A6FFE3 /* Debug */ = {
			isa = XCBuildConfiguration;
			buildSettings = {
				ASSETCATALOG_COMPILER_APPICON_NAME = AppIcon;
				INFOPLIST_FILE = SecondScene/Info.plist;
				LD_RUNPATH_SEARCH_PATHS = "$(inherited) @executable_path/Frameworks";
				PRODUCT_BUNDLE_IDENTIFIER = com.loloven.SecondScene;
				PRODUCT_NAME = "$(TARGET_NAME)";
			};
			name = Debug;
		};
		2A398B4B1C2E2BC400A6FFE3 /* Release */ = {
			isa = XCBuildConfiguration;
			buildSettings = {
				ASSETCATALOG_COMPILER_APPICON_NAME = AppIcon;
				INFOPLIST_FILE = SecondScene/Info.plist;
				LD_RUNPATH_SEARCH_PATHS = "$(inherited) @executable_path/Frameworks";
				PRODUCT_BUNDLE_IDENTIFIER = com.loloven.SecondScene;
				PRODUCT_NAME = "$(TARGET_NAME)";
			};
			name = Release;
		};
		2A398B4D1C2E2BC400A6FFE3 /* Debug */ = {
			isa = XCBuildConfiguration;
			buildSettings = {
				BUNDLE_LOADER = "$(TEST_HOST)";
				INFOPLIST_FILE = SecondSceneTests/Info.plist;
				LD_RUNPATH_SEARCH_PATHS = "$(inherited) @executable_path/Frameworks @loader_path/Frameworks";
				PRODUCT_BUNDLE_IDENTIFIER = com.loloven.SecondSceneTests;
				PRODUCT_NAME = "$(TARGET_NAME)";
				TEST_HOST = "$(BUILT_PRODUCTS_DIR)/SecondScene.app/SecondScene";
			};
			name = Debug;
		};
		2A398B4E1C2E2BC400A6FFE3 /* Release */ = {
			isa = XCBuildConfiguration;
			buildSettings = {
				BUNDLE_LOADER = "$(TEST_HOST)";
				INFOPLIST_FILE = SecondSceneTests/Info.plist;
				LD_RUNPATH_SEARCH_PATHS = "$(inherited) @executable_path/Frameworks @loader_path/Frameworks";
				PRODUCT_BUNDLE_IDENTIFIER = com.loloven.SecondSceneTests;
				PRODUCT_NAME = "$(TARGET_NAME)";
				TEST_HOST = "$(BUILT_PRODUCTS_DIR)/SecondScene.app/SecondScene";
			};
			name = Release;
		};
		2A398B501C2E2BC400A6FFE3 /* Debug */ = {
			isa = XCBuildConfiguration;
			buildSettings = {
				INFOPLIST_FILE = SecondSceneUITests/Info.plist;
				LD_RUNPATH_SEARCH_PATHS = "$(inherited) @executable_path/Frameworks @loader_path/Frameworks";
				PRODUCT_BUNDLE_IDENTIFIER = com.loloven.SecondSceneUITests;
				PRODUCT_NAME = "$(TARGET_NAME)";
				TEST_TARGET_NAME = SecondScene;
				USES_XCTRUNNER = YES;
			};
			name = Debug;
		};
		2A398B511C2E2BC400A6FFE3 /* Release */ = {
			isa = XCBuildConfiguration;
			buildSettings = {
				INFOPLIST_FILE = SecondSceneUITests/Info.plist;
				LD_RUNPATH_SEARCH_PATHS = "$(inherited) @executable_path/Frameworks @loader_path/Frameworks";
				PRODUCT_BUNDLE_IDENTIFIER = com.loloven.SecondSceneUITests;
				PRODUCT_NAME = "$(TARGET_NAME)";
				TEST_TARGET_NAME = SecondScene;
				USES_XCTRUNNER = YES;
			};
			name = Release;
		};
/* End XCBuildConfiguration section */

/* Begin XCConfigurationList section */
		2A398B1A1C2E2BC400A6FFE3 /* Build configuration list for PBXProject "SecondScene" */ = {
			isa = XCConfigurationList;
			buildConfigurations = (
				2A398B471C2E2BC400A6FFE3 /* Debug */,
				2A398B481C2E2BC400A6FFE3 /* Release */,
			);
			defaultConfigurationIsVisible = 0;
			defaultConfigurationName = Release;
		};
		2A398B491C2E2BC400A6FFE3 /* Build configuration list for PBXNativeTarget "SecondScene" */ = {
			isa = XCConfigurationList;
			buildConfigurations = (
				2A398B4A1C2E2BC400A6FFE3 /* Debug */,
				2A398B4B1C2E2BC400A6FFE3 /* Release */,
			);
			defaultConfigurationIsVisible = 0;
		};
		2A398B4C1C2E2BC400A6FFE3 /* Build configuration list for PBXNativeTarget "SecondSceneTests" */ = {
			isa = XCConfigurationList;
			buildConfigurations = (
				2A398B4D1C2E2BC400A6FFE3 /* Debug */,
				2A398B4E1C2E2BC400A6FFE3 /* Release */,
			);
			defaultConfigurationIsVisible = 0;
		};
		2A398B4F1C2E2BC400A6FFE3 /* Build configuration list for PBXNativeTarget "SecondSceneUITests" */ = {
			isa = XCConfigurationList;
			buildConfigurations = (
				2A398B501C2E2BC400A6FFE3 /* Debug */,
				2A398B511C2E2BC400A6FFE3 /* Release */,
			);
			defaultConfigurationIsVisible = 0;
		};
/* End XCConfigurationList section */
	};
	rootObject = 2A398B171C2E2BC400A6FFE3 /* Project object */;
}
